PODS:
  - Alamofire (3.1.3)
  - EDStarRating (1.1)
  - Ensembles (1.4.3):
    - Ensembles/Core (= 1.4.3)
  - Ensembles/Core (1.4.3)
  - SimpleCocoaAnalytics (0.1.0)
  - Sparkle (1.13.0)
  - SwiftyJSON (2.3.2)

DEPENDENCIES:
  - Alamofire (= 3.1.3)
  - EDStarRating (= 1.1)
  - Ensembles (= 1.4.3)
  - SimpleCocoaAnalytics (~> 0.1)
  - Sparkle (= 1.13.0)
  - SwiftyJSON (= 2.3.2)

SPEC CHECKSUMS:
  Alamofire: 9f93b56389e48def9220dd57d1f44b1927229a5a
  EDStarRating: a41a6440a945020745d0e9ff8ada7d1afa952114
  Ensembles: dec7c46616bbb1fb5611f19567b0e0725edab6af
  SimpleCocoaAnalytics: cc95e551884ec851002c668d15b71b8a73e92f56
  Sparkle: d04d17a32eaddab19471d0c3d9db15164afdbc6e
  SwiftyJSON: 04ccea08915aa0109039157c7974cf0298da292a

COCOAPODS: 0.39.0.beta.5
