// !$*UTF8*$!
{
	archiveVersion = 1;
	classes = {
	};
	objectVersion = 46;
	objects = {

/* Begin PBXBuildFile section */
		33EAB290AB0EE07A95E14FC0 /* Pods.framework in Frameworks */ = {isa = PBXBuildFile; fileRef = 5083B9909F1AD9259C461DBD /* Pods.framework */; settings = {ATTRIBUTES = (Weak, ); }; };
		4910B3F91B0E200200FDC0EA /* ApplicationUpdater.swift in Sources */ = {isa = PBXBuildFile; fileRef = 4910B3E61B0E200200FDC0EA /* ApplicationUpdater.swift */; };
		4910B3FA1B0E200200FDC0EA /* Application+String.swift in Sources */ = {isa = PBXBuildFile; fileRef = 4910B3E81B0E200200FDC0EA /* Application+String.swift */; };
		4910B3FB1B0E200200FDC0EA /* Array+Utils.swift in Sources */ = {isa = PBXBuildFile; fileRef = 4910B3E91B0E200200FDC0EA /* Array+Utils.swift */; };
		4910B3FC1B0E200200FDC0EA /* Review+String.swift in Sources */ = {isa = PBXBuildFile; fileRef = 4910B3EA1B0E200200FDC0EA /* Review+String.swift */; };
		4910B3FD1B0E200200FDC0EA /* String+AppVersion.swift in Sources */ = {isa = PBXBuildFile; fileRef = 4910B3EB1B0E200200FDC0EA /* String+AppVersion.swift */; };
		4910B3FE1B0E200200FDC0EA /* String+Emoji.swift in Sources */ = {isa = PBXBuildFile; fileRef = 4910B3EC1B0E200200FDC0EA /* String+Emoji.swift */; };
		4910B3FF1B0E200200FDC0EA /* DatabaseHandler.swift in Sources */ = {isa = PBXBuildFile; fileRef = 4910B3ED1B0E200200FDC0EA /* DatabaseHandler.swift */; };
		4910B4001B0E200200FDC0EA /* ItunesService.swift in Sources */ = {isa = PBXBuildFile; fileRef = 4910B3EE1B0E200200FDC0EA /* ItunesService.swift */; };
		4910B4011B0E200200FDC0EA /* ItunesUrlHandler.swift in Sources */ = {isa = PBXBuildFile; fileRef = 4910B3EF1B0E200200FDC0EA /* ItunesUrlHandler.swift */; };
		4910B4021B0E200200FDC0EA /* Application.swift in Sources */ = {isa = PBXBuildFile; fileRef = 4910B3F11B0E200200FDC0EA /* Application.swift */; };
		4910B4031B0E200200FDC0EA /* ApplicationSettings.swift in Sources */ = {isa = PBXBuildFile; fileRef = 4910B3F21B0E200200FDC0EA /* ApplicationSettings.swift */; };
		4910B4041B0E200200FDC0EA /* AppReviews.xcdatamodeld in Sources */ = {isa = PBXBuildFile; fileRef = 4910B3F31B0E200200FDC0EA /* AppReviews.xcdatamodeld */; };
		4910B4051B0E200200FDC0EA /* Review.swift in Sources */ = {isa = PBXBuildFile; fileRef = 4910B3F51B0E200200FDC0EA /* Review.swift */; };
		4910B4061B0E200200FDC0EA /* PersistentStack.swift in Sources */ = {isa = PBXBuildFile; fileRef = 4910B3F61B0E200200FDC0EA /* PersistentStack.swift */; };
		4910B4071B0E200200FDC0EA /* ReviewManager.swift in Sources */ = {isa = PBXBuildFile; fileRef = 4910B3F71B0E200200FDC0EA /* ReviewManager.swift */; };
		4910B4081B0E200200FDC0EA /* Timer.swift in Sources */ = {isa = PBXBuildFile; fileRef = 4910B3F81B0E200200FDC0EA /* Timer.swift */; };
		4910B41B1B0E26A400FDC0EA /* ItunesUrlHandler.swift in Sources */ = {isa = PBXBuildFile; fileRef = 4910B3EF1B0E200200FDC0EA /* ItunesUrlHandler.swift */; };
		4910B41C1B0E26FE00FDC0EA /* ItunesService.swift in Sources */ = {isa = PBXBuildFile; fileRef = 4910B3EE1B0E200200FDC0EA /* ItunesService.swift */; };
		4910B4201B0E8AEF00FDC0EA /* AppReviewsTests.swift in Sources */ = {isa = PBXBuildFile; fileRef = 4910B41D1B0E8AEF00FDC0EA /* AppReviewsTests.swift */; };
		4910B4211B0E8AEF00FDC0EA /* AppVersionTests.swift in Sources */ = {isa = PBXBuildFile; fileRef = 4910B41E1B0E8AEF00FDC0EA /* AppVersionTests.swift */; };
		4910B4221B0E8AEF00FDC0EA /* ItunesUrlHandlerTest.swift in Sources */ = {isa = PBXBuildFile; fileRef = 4910B41F1B0E8AEF00FDC0EA /* ItunesUrlHandlerTest.swift */; };
		4910B4241B0E8AFA00FDC0EA /* Info.plist in Resources */ = {isa = PBXBuildFile; fileRef = 4910B4231B0E8AFA00FDC0EA /* Info.plist */; };
		4910B4271B0E8C1900FDC0EA /* application.json in Resources */ = {isa = PBXBuildFile; fileRef = 4910B4251B0E8C1900FDC0EA /* application.json */; };
		4910B4281B0E8C1900FDC0EA /* reviews.json in Resources */ = {isa = PBXBuildFile; fileRef = 4910B4261B0E8C1900FDC0EA /* reviews.json */; };
		4910B4331B0E8E3600FDC0EA /* Info.plist in Resources */ = {isa = PBXBuildFile; fileRef = 4910B4321B0E8E3600FDC0EA /* Info.plist */; };
		4910B4361B0E8E7300FDC0EA /* AppDelegate.swift in Sources */ = {isa = PBXBuildFile; fileRef = 4910B4351B0E8E7300FDC0EA /* AppDelegate.swift */; };
		4910B4381B0E8E8500FDC0EA /* StatusMenuController.swift in Sources */ = {isa = PBXBuildFile; fileRef = 4910B4371B0E8E8400FDC0EA /* StatusMenuController.swift */; };
		4910B43B1B0E8E9600FDC0EA /* ApplicationViewController.swift in Sources */ = {isa = PBXBuildFile; fileRef = 4910B4391B0E8E9600FDC0EA /* ApplicationViewController.swift */; };
		4910B43C1B0E8E9600FDC0EA /* ApplicationWindowController.swift in Sources */ = {isa = PBXBuildFile; fileRef = 4910B43A1B0E8E9600FDC0EA /* ApplicationWindowController.swift */; };
		4910B43E1B0E8EA200FDC0EA /* SearchViewController.swift in Sources */ = {isa = PBXBuildFile; fileRef = 4910B43D1B0E8EA200FDC0EA /* SearchViewController.swift */; };
		4910B4441B0E8EC100FDC0EA /* ReviewMenuViewController.swift in Sources */ = {isa = PBXBuildFile; fileRef = 4910B43F1B0E8EC100FDC0EA /* ReviewMenuViewController.swift */; };
		4910B4451B0E8EC100FDC0EA /* ReviewPieChartController.swift in Sources */ = {isa = PBXBuildFile; fileRef = 4910B4401B0E8EC100FDC0EA /* ReviewPieChartController.swift */; };
		4910B4461B0E8EC100FDC0EA /* ReviewSplitViewController.swift in Sources */ = {isa = PBXBuildFile; fileRef = 4910B4411B0E8EC100FDC0EA /* ReviewSplitViewController.swift */; };
		4910B4471B0E8EC100FDC0EA /* ReviewViewController.swift in Sources */ = {isa = PBXBuildFile; fileRef = 4910B4421B0E8EC100FDC0EA /* ReviewViewController.swift */; };
		4910B4481B0E8EC100FDC0EA /* ReviewWindowController.swift in Sources */ = {isa = PBXBuildFile; fileRef = 4910B4431B0E8EC100FDC0EA /* ReviewWindowController.swift */; };
		4910B44A1B0E8ED400FDC0EA /* AboutViewController.swift in Sources */ = {isa = PBXBuildFile; fileRef = 4910B4491B0E8ED400FDC0EA /* AboutViewController.swift */; };
		4910B4501B0E8F0F00FDC0EA /* ApplicationArrayController.swift in Sources */ = {isa = PBXBuildFile; fileRef = 4910B44B1B0E8F0F00FDC0EA /* ApplicationArrayController.swift */; };
		4910B4511B0E8F0F00FDC0EA /* AutomaticUpdateTransformer.swift in Sources */ = {isa = PBXBuildFile; fileRef = 4910B44C1B0E8F0F00FDC0EA /* AutomaticUpdateTransformer.swift */; };
		4910B4521B0E8F0F00FDC0EA /* NotificationsHandler.swift in Sources */ = {isa = PBXBuildFile; fileRef = 4910B44D1B0E8F0F00FDC0EA /* NotificationsHandler.swift */; };
		4910B4531B0E8F0F00FDC0EA /* ReviewArrayController.swift in Sources */ = {isa = PBXBuildFile; fileRef = 4910B44E1B0E8F0F00FDC0EA /* ReviewArrayController.swift */; };
		4910B4541B0E8F0F00FDC0EA /* TableImageCellTransformer.swift in Sources */ = {isa = PBXBuildFile; fileRef = 4910B44F1B0E8F0F00FDC0EA /* TableImageCellTransformer.swift */; };
		4910B46E1B0E8F6700FDC0EA /* ApplicationCellView.swift in Sources */ = {isa = PBXBuildFile; fileRef = 4910B46A1B0E8F6700FDC0EA /* ApplicationCellView.swift */; };
		4910B46F1B0E8F6700FDC0EA /* DonateButton.swift in Sources */ = {isa = PBXBuildFile; fileRef = 4910B46B1B0E8F6700FDC0EA /* DonateButton.swift */; };
		4910B4701B0E8F6700FDC0EA /* DonateHTML in Resources */ = {isa = PBXBuildFile; fileRef = 4910B46C1B0E8F6700FDC0EA /* DonateHTML */; };
		4910B4711B0E8F6700FDC0EA /* ReviewCellView.swift in Sources */ = {isa = PBXBuildFile; fileRef = 4910B46D1B0E8F6700FDC0EA /* ReviewCellView.swift */; };
		4910B47B1B0E8F7800FDC0EA /* BackgroundView.m in Sources */ = {isa = PBXBuildFile; fileRef = 4910B4741B0E8F7800FDC0EA /* BackgroundView.m */; };
		4910B47C1B0E8F7800FDC0EA /* NSColor+CGColor.m in Sources */ = {isa = PBXBuildFile; fileRef = 4910B4761B0E8F7800FDC0EA /* NSColor+CGColor.m */; };
		4910B47D1B0E8F7800FDC0EA /* PieChart.m in Sources */ = {isa = PBXBuildFile; fileRef = 4910B4781B0E8F7800FDC0EA /* PieChart.m */; };
		4910B47E1B0E8F7800FDC0EA /* SliceLayer.m in Sources */ = {isa = PBXBuildFile; fileRef = 4910B47A1B0E8F7800FDC0EA /* SliceLayer.m */; };
		4910B48B1B0E8FBF00FDC0EA /* AutoSizedTextField.swift in Sources */ = {isa = PBXBuildFile; fileRef = 4910B4841B0E8FBF00FDC0EA /* AutoSizedTextField.swift */; };
		4910B48C1B0E8FBF00FDC0EA /* NSApplicationDelegate+Version.swift in Sources */ = {isa = PBXBuildFile; fileRef = 4910B4851B0E8FBF00FDC0EA /* NSApplicationDelegate+Version.swift */; };
		4910B48D1B0E8FBF00FDC0EA /* NSColor+AppReviews.swift in Sources */ = {isa = PBXBuildFile; fileRef = 4910B4861B0E8FBF00FDC0EA /* NSColor+AppReviews.swift */; };
		4910B48E1B0E8FBF00FDC0EA /* NSImageView+Networking.swift in Sources */ = {isa = PBXBuildFile; fileRef = 4910B4871B0E8FBF00FDC0EA /* NSImageView+Networking.swift */; };
		4910B48F1B0E8FBF00FDC0EA /* NSUserDefaults+Appreviews.swift in Sources */ = {isa = PBXBuildFile; fileRef = 4910B4881B0E8FBF00FDC0EA /* NSUserDefaults+Appreviews.swift */; };
		4910B4901B0E8FBF00FDC0EA /* String+Size.swift in Sources */ = {isa = PBXBuildFile; fileRef = 4910B4891B0E8FBF00FDC0EA /* String+Size.swift */; };
		4910B4941B0E900500FDC0EA /* AppReviews.entitlements in Resources */ = {isa = PBXBuildFile; fileRef = 4910B4931B0E900500FDC0EA /* AppReviews.entitlements */; };
		4910B4961B0E901C00FDC0EA /* Images.xcassets in Resources */ = {isa = PBXBuildFile; fileRef = 4910B4951B0E901C00FDC0EA /* Images.xcassets */; };
		4910B49D1B0E908000FDC0EA /* Main.storyboard in Resources */ = {isa = PBXBuildFile; fileRef = 4910B49A1B0E906800FDC0EA /* Main.storyboard */; };
		4910B49F1B0F2FAF00FDC0EA /* LICENSE in Resources */ = {isa = PBXBuildFile; fileRef = 4910B49E1B0F2FAF00FDC0EA /* LICENSE */; };
		67821E35AE9AB2E4F46170D4 /* Pods.framework in Frameworks */ = {isa = PBXBuildFile; fileRef = 5083B9909F1AD9259C461DBD /* Pods.framework */; settings = {ATTRIBUTES = (Weak, ); }; };
/* End PBXBuildFile section */

/* Begin PBXContainerItemProxy section */
		49ACB8511AD5CAA00050C1B7 /* PBXContainerItemProxy */ = {
			isa = PBXContainerItemProxy;
			containerPortal = 49ACB8331AD5CAA00050C1B7 /* Project object */;
			proxyType = 1;
			remoteGlobalIDString = 49ACB83A1AD5CAA00050C1B7;
			remoteInfo = AppstoreReviews;
		};
/* End PBXContainerItemProxy section */

/* Begin PBXFileReference section */
		4910B3E61B0E200200FDC0EA /* ApplicationUpdater.swift */ = {isa = PBXFileReference; fileEncoding = 4; lastKnownFileType = sourcecode.swift; path = ApplicationUpdater.swift; sourceTree = "<group>"; };
		4910B3E81B0E200200FDC0EA /* Application+String.swift */ = {isa = PBXFileReference; fileEncoding = 4; lastKnownFileType = sourcecode.swift; path = "Application+String.swift"; sourceTree = "<group>"; };
		4910B3E91B0E200200FDC0EA /* Array+Utils.swift */ = {isa = PBXFileReference; fileEncoding = 4; lastKnownFileType = sourcecode.swift; path = "Array+Utils.swift"; sourceTree = "<group>"; };
		4910B3EA1B0E200200FDC0EA /* Review+String.swift */ = {isa = PBXFileReference; fileEncoding = 4; lastKnownFileType = sourcecode.swift; path = "Review+String.swift"; sourceTree = "<group>"; };
		4910B3EB1B0E200200FDC0EA /* String+AppVersion.swift */ = {isa = PBXFileReference; fileEncoding = 4; lastKnownFileType = sourcecode.swift; path = "String+AppVersion.swift"; sourceTree = "<group>"; };
		4910B3EC1B0E200200FDC0EA /* String+Emoji.swift */ = {isa = PBXFileReference; fileEncoding = 4; lastKnownFileType = sourcecode.swift; path = "String+Emoji.swift"; sourceTree = "<group>"; };
		4910B3ED1B0E200200FDC0EA /* DatabaseHandler.swift */ = {isa = PBXFileReference; fileEncoding = 4; lastKnownFileType = sourcecode.swift; path = DatabaseHandler.swift; sourceTree = "<group>"; };
		4910B3EE1B0E200200FDC0EA /* ItunesService.swift */ = {isa = PBXFileReference; fileEncoding = 4; lastKnownFileType = sourcecode.swift; path = ItunesService.swift; sourceTree = "<group>"; };
		4910B3EF1B0E200200FDC0EA /* ItunesUrlHandler.swift */ = {isa = PBXFileReference; fileEncoding = 4; lastKnownFileType = sourcecode.swift; path = ItunesUrlHandler.swift; sourceTree = "<group>"; };
		4910B3F11B0E200200FDC0EA /* Application.swift */ = {isa = PBXFileReference; fileEncoding = 4; lastKnownFileType = sourcecode.swift; path = Application.swift; sourceTree = "<group>"; };
		4910B3F21B0E200200FDC0EA /* ApplicationSettings.swift */ = {isa = PBXFileReference; fileEncoding = 4; lastKnownFileType = sourcecode.swift; path = ApplicationSettings.swift; sourceTree = "<group>"; };
		4910B3F41B0E200200FDC0EA /* AppReviews.xcdatamodel */ = {isa = PBXFileReference; lastKnownFileType = wrapper.xcdatamodel; path = AppReviews.xcdatamodel; sourceTree = "<group>"; };
		4910B3F51B0E200200FDC0EA /* Review.swift */ = {isa = PBXFileReference; fileEncoding = 4; lastKnownFileType = sourcecode.swift; path = Review.swift; sourceTree = "<group>"; };
		4910B3F61B0E200200FDC0EA /* PersistentStack.swift */ = {isa = PBXFileReference; fileEncoding = 4; lastKnownFileType = sourcecode.swift; path = PersistentStack.swift; sourceTree = "<group>"; };
		4910B3F71B0E200200FDC0EA /* ReviewManager.swift */ = {isa = PBXFileReference; fileEncoding = 4; lastKnownFileType = sourcecode.swift; path = ReviewManager.swift; sourceTree = "<group>"; };
		4910B3F81B0E200200FDC0EA /* Timer.swift */ = {isa = PBXFileReference; fileEncoding = 4; lastKnownFileType = sourcecode.swift; path = Timer.swift; sourceTree = "<group>"; };
		4910B41D1B0E8AEF00FDC0EA /* AppReviewsTests.swift */ = {isa = PBXFileReference; fileEncoding = 4; lastKnownFileType = sourcecode.swift; name = AppReviewsTests.swift; path = AppReviewsTests/AppReviewsTests.swift; sourceTree = SOURCE_ROOT; };
		4910B41E1B0E8AEF00FDC0EA /* AppVersionTests.swift */ = {isa = PBXFileReference; fileEncoding = 4; lastKnownFileType = sourcecode.swift; name = AppVersionTests.swift; path = AppReviewsTests/AppVersionTests.swift; sourceTree = SOURCE_ROOT; };
		4910B41F1B0E8AEF00FDC0EA /* ItunesUrlHandlerTest.swift */ = {isa = PBXFileReference; fileEncoding = 4; lastKnownFileType = sourcecode.swift; name = ItunesUrlHandlerTest.swift; path = AppReviewsTests/ItunesUrlHandlerTest.swift; sourceTree = SOURCE_ROOT; };
		4910B4231B0E8AFA00FDC0EA /* Info.plist */ = {isa = PBXFileReference; fileEncoding = 4; lastKnownFileType = text.plist.xml; name = Info.plist; path = AppReviewsTests/Info.plist; sourceTree = SOURCE_ROOT; };
		4910B4251B0E8C1900FDC0EA /* application.json */ = {isa = PBXFileReference; fileEncoding = 4; lastKnownFileType = text.json; name = application.json; path = AppReviewsTests/application.json; sourceTree = SOURCE_ROOT; };
		4910B4261B0E8C1900FDC0EA /* reviews.json */ = {isa = PBXFileReference; fileEncoding = 4; lastKnownFileType = text.json; name = reviews.json; path = AppReviewsTests/reviews.json; sourceTree = SOURCE_ROOT; };
		4910B4321B0E8E3600FDC0EA /* Info.plist */ = {isa = PBXFileReference; fileEncoding = 4; lastKnownFileType = text.plist.xml; name = Info.plist; path = AppReviews/Info.plist; sourceTree = SOURCE_ROOT; };
		4910B4341B0E8E4800FDC0EA /* Objective-C-BridgingHeader.h */ = {isa = PBXFileReference; lastKnownFileType = sourcecode.c.h; name = "Objective-C-BridgingHeader.h"; path = "AppReviews/Objective-C-BridgingHeader.h"; sourceTree = SOURCE_ROOT; };
		4910B4351B0E8E7300FDC0EA /* AppDelegate.swift */ = {isa = PBXFileReference; fileEncoding = 4; lastKnownFileType = sourcecode.swift; name = AppDelegate.swift; path = AppReviews/AppDelegate.swift; sourceTree = SOURCE_ROOT; };
		4910B4371B0E8E8400FDC0EA /* StatusMenuController.swift */ = {isa = PBXFileReference; fileEncoding = 4; lastKnownFileType = sourcecode.swift; name = StatusMenuController.swift; path = AppReviews/StatusMenuController.swift; sourceTree = SOURCE_ROOT; };
		4910B4391B0E8E9600FDC0EA /* ApplicationViewController.swift */ = {isa = PBXFileReference; fileEncoding = 4; lastKnownFileType = sourcecode.swift; name = ApplicationViewController.swift; path = AppReviews/ApplicationViewController.swift; sourceTree = SOURCE_ROOT; };
		4910B43A1B0E8E9600FDC0EA /* ApplicationWindowController.swift */ = {isa = PBXFileReference; fileEncoding = 4; lastKnownFileType = sourcecode.swift; name = ApplicationWindowController.swift; path = AppReviews/ApplicationWindowController.swift; sourceTree = SOURCE_ROOT; };
		4910B43D1B0E8EA200FDC0EA /* SearchViewController.swift */ = {isa = PBXFileReference; fileEncoding = 4; lastKnownFileType = sourcecode.swift; name = SearchViewController.swift; path = AppReviews/SearchViewController.swift; sourceTree = SOURCE_ROOT; };
		4910B43F1B0E8EC100FDC0EA /* ReviewMenuViewController.swift */ = {isa = PBXFileReference; fileEncoding = 4; lastKnownFileType = sourcecode.swift; name = ReviewMenuViewController.swift; path = AppReviews/ReviewMenuViewController.swift; sourceTree = SOURCE_ROOT; };
		4910B4401B0E8EC100FDC0EA /* ReviewPieChartController.swift */ = {isa = PBXFileReference; fileEncoding = 4; lastKnownFileType = sourcecode.swift; name = ReviewPieChartController.swift; path = AppReviews/ReviewPieChartController.swift; sourceTree = SOURCE_ROOT; };
		4910B4411B0E8EC100FDC0EA /* ReviewSplitViewController.swift */ = {isa = PBXFileReference; fileEncoding = 4; lastKnownFileType = sourcecode.swift; name = ReviewSplitViewController.swift; path = AppReviews/ReviewSplitViewController.swift; sourceTree = SOURCE_ROOT; };
		4910B4421B0E8EC100FDC0EA /* ReviewViewController.swift */ = {isa = PBXFileReference; fileEncoding = 4; lastKnownFileType = sourcecode.swift; name = ReviewViewController.swift; path = AppReviews/ReviewViewController.swift; sourceTree = SOURCE_ROOT; };
		4910B4431B0E8EC100FDC0EA /* ReviewWindowController.swift */ = {isa = PBXFileReference; fileEncoding = 4; lastKnownFileType = sourcecode.swift; name = ReviewWindowController.swift; path = AppReviews/ReviewWindowController.swift; sourceTree = SOURCE_ROOT; };
		4910B4491B0E8ED400FDC0EA /* AboutViewController.swift */ = {isa = PBXFileReference; fileEncoding = 4; lastKnownFileType = sourcecode.swift; name = AboutViewController.swift; path = AppReviews/AboutViewController.swift; sourceTree = SOURCE_ROOT; };
		4910B44B1B0E8F0F00FDC0EA /* ApplicationArrayController.swift */ = {isa = PBXFileReference; fileEncoding = 4; lastKnownFileType = sourcecode.swift; name = ApplicationArrayController.swift; path = AppReviews/ApplicationArrayController.swift; sourceTree = SOURCE_ROOT; };
		4910B44C1B0E8F0F00FDC0EA /* AutomaticUpdateTransformer.swift */ = {isa = PBXFileReference; fileEncoding = 4; lastKnownFileType = sourcecode.swift; name = AutomaticUpdateTransformer.swift; path = AppReviews/AutomaticUpdateTransformer.swift; sourceTree = SOURCE_ROOT; };
		4910B44D1B0E8F0F00FDC0EA /* NotificationsHandler.swift */ = {isa = PBXFileReference; fileEncoding = 4; lastKnownFileType = sourcecode.swift; name = NotificationsHandler.swift; path = AppReviews/NotificationsHandler.swift; sourceTree = SOURCE_ROOT; };
		4910B44E1B0E8F0F00FDC0EA /* ReviewArrayController.swift */ = {isa = PBXFileReference; fileEncoding = 4; lastKnownFileType = sourcecode.swift; name = ReviewArrayController.swift; path = AppReviews/ReviewArrayController.swift; sourceTree = SOURCE_ROOT; };
		4910B44F1B0E8F0F00FDC0EA /* TableImageCellTransformer.swift */ = {isa = PBXFileReference; fileEncoding = 4; lastKnownFileType = sourcecode.swift; name = TableImageCellTransformer.swift; path = AppReviews/TableImageCellTransformer.swift; sourceTree = SOURCE_ROOT; };
		4910B46A1B0E8F6700FDC0EA /* ApplicationCellView.swift */ = {isa = PBXFileReference; fileEncoding = 4; lastKnownFileType = sourcecode.swift; name = ApplicationCellView.swift; path = AppReviews/ApplicationCellView.swift; sourceTree = SOURCE_ROOT; };
		4910B46B1B0E8F6700FDC0EA /* DonateButton.swift */ = {isa = PBXFileReference; fileEncoding = 4; lastKnownFileType = sourcecode.swift; name = DonateButton.swift; path = AppReviews/DonateButton.swift; sourceTree = SOURCE_ROOT; };
		4910B46C1B0E8F6700FDC0EA /* DonateHTML */ = {isa = PBXFileReference; fileEncoding = 4; lastKnownFileType = text; name = DonateHTML; path = AppReviews/DonateHTML; sourceTree = SOURCE_ROOT; };
		4910B46D1B0E8F6700FDC0EA /* ReviewCellView.swift */ = {isa = PBXFileReference; fileEncoding = 4; lastKnownFileType = sourcecode.swift; name = ReviewCellView.swift; path = AppReviews/ReviewCellView.swift; sourceTree = SOURCE_ROOT; };
		4910B4731B0E8F7800FDC0EA /* BackgroundView.h */ = {isa = PBXFileReference; fileEncoding = 4; lastKnownFileType = sourcecode.c.h; path = BackgroundView.h; sourceTree = "<group>"; };
		4910B4741B0E8F7800FDC0EA /* BackgroundView.m */ = {isa = PBXFileReference; fileEncoding = 4; lastKnownFileType = sourcecode.c.objc; path = BackgroundView.m; sourceTree = "<group>"; };
		4910B4751B0E8F7800FDC0EA /* NSColor+CGColor.h */ = {isa = PBXFileReference; fileEncoding = 4; lastKnownFileType = sourcecode.c.h; path = "NSColor+CGColor.h"; sourceTree = "<group>"; };
		4910B4761B0E8F7800FDC0EA /* NSColor+CGColor.m */ = {isa = PBXFileReference; fileEncoding = 4; lastKnownFileType = sourcecode.c.objc; path = "NSColor+CGColor.m"; sourceTree = "<group>"; };
		4910B4771B0E8F7800FDC0EA /* PieChart.h */ = {isa = PBXFileReference; fileEncoding = 4; lastKnownFileType = sourcecode.c.h; path = PieChart.h; sourceTree = "<group>"; };
		4910B4781B0E8F7800FDC0EA /* PieChart.m */ = {isa = PBXFileReference; fileEncoding = 4; lastKnownFileType = sourcecode.c.objc; path = PieChart.m; sourceTree = "<group>"; };
		4910B4791B0E8F7800FDC0EA /* SliceLayer.h */ = {isa = PBXFileReference; fileEncoding = 4; lastKnownFileType = sourcecode.c.h; path = SliceLayer.h; sourceTree = "<group>"; };
		4910B47A1B0E8F7800FDC0EA /* SliceLayer.m */ = {isa = PBXFileReference; fileEncoding = 4; lastKnownFileType = sourcecode.c.objc; path = SliceLayer.m; sourceTree = "<group>"; };
		4910B4841B0E8FBF00FDC0EA /* AutoSizedTextField.swift */ = {isa = PBXFileReference; fileEncoding = 4; lastKnownFileType = sourcecode.swift; name = AutoSizedTextField.swift; path = AppReviews/AutoSizedTextField.swift; sourceTree = SOURCE_ROOT; };
		4910B4851B0E8FBF00FDC0EA /* NSApplicationDelegate+Version.swift */ = {isa = PBXFileReference; fileEncoding = 4; lastKnownFileType = sourcecode.swift; name = "NSApplicationDelegate+Version.swift"; path = "AppReviews/NSApplicationDelegate+Version.swift"; sourceTree = SOURCE_ROOT; };
		4910B4861B0E8FBF00FDC0EA /* NSColor+AppReviews.swift */ = {isa = PBXFileReference; fileEncoding = 4; lastKnownFileType = sourcecode.swift; name = "NSColor+AppReviews.swift"; path = "AppReviews/NSColor+AppReviews.swift"; sourceTree = SOURCE_ROOT; };
		4910B4871B0E8FBF00FDC0EA /* NSImageView+Networking.swift */ = {isa = PBXFileReference; fileEncoding = 4; lastKnownFileType = sourcecode.swift; name = "NSImageView+Networking.swift"; path = "AppReviews/NSImageView+Networking.swift"; sourceTree = SOURCE_ROOT; };
		4910B4881B0E8FBF00FDC0EA /* NSUserDefaults+Appreviews.swift */ = {isa = PBXFileReference; fileEncoding = 4; lastKnownFileType = sourcecode.swift; name = "NSUserDefaults+Appreviews.swift"; path = "AppReviews/NSUserDefaults+Appreviews.swift"; sourceTree = SOURCE_ROOT; };
		4910B4891B0E8FBF00FDC0EA /* String+Size.swift */ = {isa = PBXFileReference; fileEncoding = 4; lastKnownFileType = sourcecode.swift; name = "String+Size.swift"; path = "AppReviews/String+Size.swift"; sourceTree = SOURCE_ROOT; };
		4910B4931B0E900500FDC0EA /* AppReviews.entitlements */ = {isa = PBXFileReference; fileEncoding = 4; lastKnownFileType = text.xml; name = AppReviews.entitlements; path = AppReviews/AppReviews.entitlements; sourceTree = SOURCE_ROOT; };
		4910B4951B0E901C00FDC0EA /* Images.xcassets */ = {isa = PBXFileReference; lastKnownFileType = folder.assetcatalog; name = Images.xcassets; path = AppReviews/Images.xcassets; sourceTree = SOURCE_ROOT; };
		4910B49B1B0E906800FDC0EA /* Base */ = {isa = PBXFileReference; lastKnownFileType = file.storyboard; name = Base; path = AppReviews/Base.lproj/Main.storyboard; sourceTree = SOURCE_ROOT; };
		4910B49E1B0F2FAF00FDC0EA /* LICENSE */ = {isa = PBXFileReference; fileEncoding = 4; lastKnownFileType = text; path = LICENSE; sourceTree = "<group>"; };
		495E80751B055B7700D0AFC0 /* README.md */ = {isa = PBXFileReference; lastKnownFileType = net.daringfireball.markdown; path = README.md; sourceTree = "<group>"; };
		49ACB83B1AD5CAA00050C1B7 /* App Reviews.app */ = {isa = PBXFileReference; explicitFileType = wrapper.application; includeInIndex = 0; path = "App Reviews.app"; sourceTree = BUILT_PRODUCTS_DIR; };
		49ACB8501AD5CAA00050C1B7 /* App ReviewsTests.xctest */ = {isa = PBXFileReference; explicitFileType = wrapper.cfbundle; includeInIndex = 0; path = "App ReviewsTests.xctest"; sourceTree = BUILT_PRODUCTS_DIR; };
		5083B9909F1AD9259C461DBD /* Pods.framework */ = {isa = PBXFileReference; explicitFileType = wrapper.framework; includeInIndex = 0; path = Pods.framework; sourceTree = BUILT_PRODUCTS_DIR; };
		8E9E3A98AF3DC476EF9A0809 /* Pods.debug.xcconfig */ = {isa = PBXFileReference; includeInIndex = 1; lastKnownFileType = text.xcconfig; name = Pods.debug.xcconfig; path = "Pods/Target Support Files/Pods/Pods.debug.xcconfig"; sourceTree = "<group>"; };
		F9CE0DF35CA051BD774393CD /* Pods.release.xcconfig */ = {isa = PBXFileReference; includeInIndex = 1; lastKnownFileType = text.xcconfig; name = Pods.release.xcconfig; path = "Pods/Target Support Files/Pods/Pods.release.xcconfig"; sourceTree = "<group>"; };
/* End PBXFileReference section */

/* Begin PBXFrameworksBuildPhase section */
		49ACB8381AD5CAA00050C1B7 /* Frameworks */ = {
			isa = PBXFrameworksBuildPhase;
			buildActionMask = 2147483647;
			files = (
				67821E35AE9AB2E4F46170D4 /* Pods.framework in Frameworks */,
			);
			runOnlyForDeploymentPostprocessing = 0;
		};
		49ACB84D1AD5CAA00050C1B7 /* Frameworks */ = {
			isa = PBXFrameworksBuildPhase;
			buildActionMask = 2147483647;
			files = (
				33EAB290AB0EE07A95E14FC0 /* Pods.framework in Frameworks */,
			);
			runOnlyForDeploymentPostprocessing = 0;
		};
/* End PBXFrameworksBuildPhase section */

/* Begin PBXGroup section */
		4910B3E51B0E200200FDC0EA /* ReviewManager */ = {
			isa = PBXGroup;
			children = (
				4910B3F01B0E200200FDC0EA /* Models */,
				4910B3E71B0E200200FDC0EA /* Categories */,
				4910B3E61B0E200200FDC0EA /* ApplicationUpdater.swift */,
				4910B3ED1B0E200200FDC0EA /* DatabaseHandler.swift */,
				4910B3EE1B0E200200FDC0EA /* ItunesService.swift */,
				4910B3EF1B0E200200FDC0EA /* ItunesUrlHandler.swift */,
				4910B3F61B0E200200FDC0EA /* PersistentStack.swift */,
				4910B3F71B0E200200FDC0EA /* ReviewManager.swift */,
				4910B3F81B0E200200FDC0EA /* Timer.swift */,
			);
			path = ReviewManager;
			sourceTree = SOURCE_ROOT;
		};
		4910B3E71B0E200200FDC0EA /* Categories */ = {
			isa = PBXGroup;
			children = (
				4910B3E81B0E200200FDC0EA /* Application+String.swift */,
				4910B3E91B0E200200FDC0EA /* Array+Utils.swift */,
				4910B3EA1B0E200200FDC0EA /* Review+String.swift */,
				4910B3EB1B0E200200FDC0EA /* String+AppVersion.swift */,
				4910B3EC1B0E200200FDC0EA /* String+Emoji.swift */,
			);
			path = Categories;
			sourceTree = "<group>";
		};
		4910B3F01B0E200200FDC0EA /* Models */ = {
			isa = PBXGroup;
			children = (
				4910B3F11B0E200200FDC0EA /* Application.swift */,
				4910B3F21B0E200200FDC0EA /* ApplicationSettings.swift */,
				4910B3F31B0E200200FDC0EA /* AppReviews.xcdatamodeld */,
				4910B3F51B0E200200FDC0EA /* Review.swift */,
			);
			path = Models;
			sourceTree = "<group>";
		};
		4910B4721B0E8F7800FDC0EA /* PieChart */ = {
			isa = PBXGroup;
			children = (
				4910B4731B0E8F7800FDC0EA /* BackgroundView.h */,
				4910B4741B0E8F7800FDC0EA /* BackgroundView.m */,
				4910B4751B0E8F7800FDC0EA /* NSColor+CGColor.h */,
				4910B4761B0E8F7800FDC0EA /* NSColor+CGColor.m */,
				4910B4771B0E8F7800FDC0EA /* PieChart.h */,
				4910B4781B0E8F7800FDC0EA /* PieChart.m */,
				4910B4791B0E8F7800FDC0EA /* SliceLayer.h */,
				4910B47A1B0E8F7800FDC0EA /* SliceLayer.m */,
			);
			name = PieChart;
			path = AppReviews/PieChart;
			sourceTree = SOURCE_ROOT;
		};
		49ACB8321AD5CAA00050C1B7 = {
			isa = PBXGroup;
			children = (
				495E80751B055B7700D0AFC0 /* README.md */,
				4910B49E1B0F2FAF00FDC0EA /* LICENSE */,
				49ACB83D1AD5CAA00050C1B7 /* App Reviews */,
				49ACB8531AD5CAA00050C1B7 /* App Reviews Tests */,
				49ACB83C1AD5CAA00050C1B7 /* Products */,
				73449AF8DC9E47948900E43D /* Pods */,
				7147F03F6DDA32E9CC0315BF /* Frameworks */,
			);
			sourceTree = "<group>";
		};
		49ACB83C1AD5CAA00050C1B7 /* Products */ = {
			isa = PBXGroup;
			children = (
				49ACB83B1AD5CAA00050C1B7 /* App Reviews.app */,
				49ACB8501AD5CAA00050C1B7 /* App ReviewsTests.xctest */,
			);
			name = Products;
			sourceTree = "<group>";
		};
		49ACB83D1AD5CAA00050C1B7 /* App Reviews */ = {
			isa = PBXGroup;
			children = (
				4910B3E51B0E200200FDC0EA /* ReviewManager */,
				49F800F51ADC840C004A1BF1 /* Window & ViewControllers */,
				49F800F41ADC83EC004A1BF1 /* Views */,
				49F800F11ADC791B004A1BF1 /* Categories */,
				49ACB83E1AD5CAA00050C1B7 /* Supporting Files */,
			);
			name = "App Reviews";
			path = AppstoreReviews;
			sourceTree = "<group>";
		};
		49ACB83E1AD5CAA00050C1B7 /* Supporting Files */ = {
			isa = PBXGroup;
			children = (
				4910B4951B0E901C00FDC0EA /* Images.xcassets */,
				4910B4931B0E900500FDC0EA /* AppReviews.entitlements */,
				4910B4321B0E8E3600FDC0EA /* Info.plist */,
				4910B4341B0E8E4800FDC0EA /* Objective-C-BridgingHeader.h */,
			);
			name = "Supporting Files";
			sourceTree = "<group>";
		};
		49ACB8531AD5CAA00050C1B7 /* App Reviews Tests */ = {
			isa = PBXGroup;
			children = (
				4910B41D1B0E8AEF00FDC0EA /* AppReviewsTests.swift */,
				4910B41E1B0E8AEF00FDC0EA /* AppVersionTests.swift */,
				4910B41F1B0E8AEF00FDC0EA /* ItunesUrlHandlerTest.swift */,
				4910B4251B0E8C1900FDC0EA /* application.json */,
				4910B4261B0E8C1900FDC0EA /* reviews.json */,
				49ACB8541AD5CAA00050C1B7 /* Supporting Files */,
			);
			name = "App Reviews Tests";
			path = AppstoreReviewsTests;
			sourceTree = "<group>";
		};
		49ACB8541AD5CAA00050C1B7 /* Supporting Files */ = {
			isa = PBXGroup;
			children = (
				4910B4231B0E8AFA00FDC0EA /* Info.plist */,
			);
			name = "Supporting Files";
			sourceTree = "<group>";
		};
		49F800F11ADC791B004A1BF1 /* Categories */ = {
			isa = PBXGroup;
			children = (
				4910B4841B0E8FBF00FDC0EA /* AutoSizedTextField.swift */,
				4910B4851B0E8FBF00FDC0EA /* NSApplicationDelegate+Version.swift */,
				4910B4861B0E8FBF00FDC0EA /* NSColor+AppReviews.swift */,
				4910B4871B0E8FBF00FDC0EA /* NSImageView+Networking.swift */,
				4910B4881B0E8FBF00FDC0EA /* NSUserDefaults+Appreviews.swift */,
				4910B4891B0E8FBF00FDC0EA /* String+Size.swift */,
			);
			name = Categories;
			path = ../COAppstoreReviews;
			sourceTree = "<group>";
		};
		49F800F41ADC83EC004A1BF1 /* Views */ = {
			isa = PBXGroup;
			children = (
				4910B4721B0E8F7800FDC0EA /* PieChart */,
				4910B46A1B0E8F6700FDC0EA /* ApplicationCellView.swift */,
				4910B46B1B0E8F6700FDC0EA /* DonateButton.swift */,
				4910B46C1B0E8F6700FDC0EA /* DonateHTML */,
				4910B46D1B0E8F6700FDC0EA /* ReviewCellView.swift */,
			);
			name = Views;
			sourceTree = "<group>";
		};
		49F800F51ADC840C004A1BF1 /* Window & ViewControllers */ = {
			isa = PBXGroup;
			children = (
				4910B49A1B0E906800FDC0EA /* Main.storyboard */,
				4910B4351B0E8E7300FDC0EA /* AppDelegate.swift */,
				4910B4371B0E8E8400FDC0EA /* StatusMenuController.swift */,
				4910B4391B0E8E9600FDC0EA /* ApplicationViewController.swift */,
				4910B43A1B0E8E9600FDC0EA /* ApplicationWindowController.swift */,
				4910B43D1B0E8EA200FDC0EA /* SearchViewController.swift */,
				4910B43F1B0E8EC100FDC0EA /* ReviewMenuViewController.swift */,
				4910B4401B0E8EC100FDC0EA /* ReviewPieChartController.swift */,
				4910B4411B0E8EC100FDC0EA /* ReviewSplitViewController.swift */,
				4910B4421B0E8EC100FDC0EA /* ReviewViewController.swift */,
				4910B4431B0E8EC100FDC0EA /* ReviewWindowController.swift */,
				4910B4491B0E8ED400FDC0EA /* AboutViewController.swift */,
				49F800F61ADC844A004A1BF1 /* Data Controllers */,
			);
			name = "Window & ViewControllers";
			sourceTree = "<group>";
		};
		49F800F61ADC844A004A1BF1 /* Data Controllers */ = {
			isa = PBXGroup;
			children = (
				4910B44B1B0E8F0F00FDC0EA /* ApplicationArrayController.swift */,
				4910B44C1B0E8F0F00FDC0EA /* AutomaticUpdateTransformer.swift */,
				4910B44D1B0E8F0F00FDC0EA /* NotificationsHandler.swift */,
				4910B44E1B0E8F0F00FDC0EA /* ReviewArrayController.swift */,
				4910B44F1B0E8F0F00FDC0EA /* TableImageCellTransformer.swift */,
			);
			name = "Data Controllers";
			sourceTree = "<group>";
		};
		7147F03F6DDA32E9CC0315BF /* Frameworks */ = {
			isa = PBXGroup;
			children = (
				5083B9909F1AD9259C461DBD /* Pods.framework */,
			);
			name = Frameworks;
			sourceTree = "<group>";
		};
		73449AF8DC9E47948900E43D /* Pods */ = {
			isa = PBXGroup;
			children = (
				8E9E3A98AF3DC476EF9A0809 /* Pods.debug.xcconfig */,
				F9CE0DF35CA051BD774393CD /* Pods.release.xcconfig */,
			);
			name = Pods;
			sourceTree = "<group>";
		};
/* End PBXGroup section */

/* Begin PBXNativeTarget section */
		49ACB83A1AD5CAA00050C1B7 /* App Reviews */ = {
			isa = PBXNativeTarget;
			buildConfigurationList = 49ACB85A1AD5CAA00050C1B7 /* Build configuration list for PBXNativeTarget "App Reviews" */;
			buildPhases = (
				388E5D968C8D506C2180B60B /* Check Pods Manifest.lock */,
				49ACB8371AD5CAA00050C1B7 /* Sources */,
				49ACB8381AD5CAA00050C1B7 /* Frameworks */,
				49ACB8391AD5CAA00050C1B7 /* Resources */,
				9AFDC626376EE7DF95EFFC02 /* Embed Pods Frameworks */,
				4190A1B1813032D096277609 /* Copy Pods Resources */,
			);
			buildRules = (
			);
			dependencies = (
			);
			name = "App Reviews";
			productName = AppstoreReviews;
			productReference = 49ACB83B1AD5CAA00050C1B7 /* App Reviews.app */;
			productType = "com.apple.product-type.application";
		};
		49ACB84F1AD5CAA00050C1B7 /* App ReviewsTests */ = {
			isa = PBXNativeTarget;
			buildConfigurationList = 49ACB85D1AD5CAA00050C1B7 /* Build configuration list for PBXNativeTarget "App ReviewsTests" */;
			buildPhases = (
				C1381B58760968109349242B /* Check Pods Manifest.lock */,
				49ACB84C1AD5CAA00050C1B7 /* Sources */,
				49ACB84D1AD5CAA00050C1B7 /* Frameworks */,
				49ACB84E1AD5CAA00050C1B7 /* Resources */,
				C74A12F1B404CD9A47F25C18 /* Embed Pods Frameworks */,
				72B401262D76AFCCD7B98C00 /* Copy Pods Resources */,
			);
			buildRules = (
			);
			dependencies = (
				49ACB8521AD5CAA00050C1B7 /* PBXTargetDependency */,
			);
			name = "App ReviewsTests";
			productName = AppstoreReviewsTests;
			productReference = 49ACB8501AD5CAA00050C1B7 /* App ReviewsTests.xctest */;
			productType = "com.apple.product-type.bundle.unit-test";
		};
/* End PBXNativeTarget section */

/* Begin PBXProject section */
		49ACB8331AD5CAA00050C1B7 /* Project object */ = {
			isa = PBXProject;
			attributes = {
				LastUpgradeCheck = 0620;
				ORGANIZATIONNAME = Cocmoc;
				TargetAttributes = {
					49ACB83A1AD5CAA00050C1B7 = {
						CreatedOnToolsVersion = 6.2;
						DevelopmentTeam = 2PRW676NCQ;
						SystemCapabilities = {
							com.apple.InAppPurchase = {
								enabled = 0;
							};
							com.apple.Sandbox = {
								enabled = 1;
							};
							com.apple.iCloud = {
								enabled = 1;
							};
						};
					};
					49ACB84F1AD5CAA00050C1B7 = {
						CreatedOnToolsVersion = 6.2;
						TestTargetID = 49ACB83A1AD5CAA00050C1B7;
					};
				};
			};
			buildConfigurationList = 49ACB8361AD5CAA00050C1B7 /* Build configuration list for PBXProject "App Reviews" */;
			compatibilityVersion = "Xcode 3.2";
			developmentRegion = English;
			hasScannedForEncodings = 0;
			knownRegions = (
				en,
				Base,
			);
			mainGroup = 49ACB8321AD5CAA00050C1B7;
			productRefGroup = 49ACB83C1AD5CAA00050C1B7 /* Products */;
			projectDirPath = "";
			projectRoot = "";
			targets = (
				49ACB83A1AD5CAA00050C1B7 /* App Reviews */,
				49ACB84F1AD5CAA00050C1B7 /* App ReviewsTests */,
			);
		};
/* End PBXProject section */

/* Begin PBXResourcesBuildPhase section */
		49ACB8391AD5CAA00050C1B7 /* Resources */ = {
			isa = PBXResourcesBuildPhase;
			buildActionMask = 2147483647;
			files = (
				4910B49F1B0F2FAF00FDC0EA /* LICENSE in Resources */,
				4910B4331B0E8E3600FDC0EA /* Info.plist in Resources */,
				4910B49D1B0E908000FDC0EA /* Main.storyboard in Resources */,
				4910B4961B0E901C00FDC0EA /* Images.xcassets in Resources */,
				4910B4941B0E900500FDC0EA /* AppReviews.entitlements in Resources */,
				4910B4701B0E8F6700FDC0EA /* DonateHTML in Resources */,
			);
			runOnlyForDeploymentPostprocessing = 0;
		};
		49ACB84E1AD5CAA00050C1B7 /* Resources */ = {
			isa = PBXResourcesBuildPhase;
			buildActionMask = 2147483647;
			files = (
				4910B4281B0E8C1900FDC0EA /* reviews.json in Resources */,
				4910B4271B0E8C1900FDC0EA /* application.json in Resources */,
				4910B4241B0E8AFA00FDC0EA /* Info.plist in Resources */,
			);
			runOnlyForDeploymentPostprocessing = 0;
		};
/* End PBXResourcesBuildPhase section */

/* Begin PBXShellScriptBuildPhase section */
		388E5D968C8D506C2180B60B /* Check Pods Manifest.lock */ = {
			isa = PBXShellScriptBuildPhase;
			buildActionMask = 2147483647;
			files = (
			);
			inputPaths = (
			);
			name = "Check Pods Manifest.lock";
			outputPaths = (
			);
			runOnlyForDeploymentPostprocessing = 0;
			shellPath = /bin/sh;
			shellScript = "diff \"${PODS_ROOT}/../Podfile.lock\" \"${PODS_ROOT}/Manifest.lock\" > /dev/null\nif [[ $? != 0 ]] ; then\n    cat << EOM\nerror: The sandbox is not in sync with the Podfile.lock. Run 'pod install' or update your CocoaPods installation.\nEOM\n    exit 1\nfi\n";
			showEnvVarsInLog = 0;
		};
		4190A1B1813032D096277609 /* Copy Pods Resources */ = {
			isa = PBXShellScriptBuildPhase;
			buildActionMask = 2147483647;
			files = (
			);
			inputPaths = (
			);
			name = "Copy Pods Resources";
			outputPaths = (
			);
			runOnlyForDeploymentPostprocessing = 0;
			shellPath = /bin/sh;
			shellScript = "\"${SRCROOT}/Pods/Target Support Files/Pods/Pods-resources.sh\"\n";
			showEnvVarsInLog = 0;
		};
		72B401262D76AFCCD7B98C00 /* Copy Pods Resources */ = {
			isa = PBXShellScriptBuildPhase;
			buildActionMask = 2147483647;
			files = (
			);
			inputPaths = (
			);
			name = "Copy Pods Resources";
			outputPaths = (
			);
			runOnlyForDeploymentPostprocessing = 0;
			shellPath = /bin/sh;
			shellScript = "\"${SRCROOT}/Pods/Target Support Files/Pods/Pods-resources.sh\"\n";
			showEnvVarsInLog = 0;
		};
		9AFDC626376EE7DF95EFFC02 /* Embed Pods Frameworks */ = {
			isa = PBXShellScriptBuildPhase;
			buildActionMask = 2147483647;
			files = (
			);
			inputPaths = (
			);
			name = "Embed Pods Frameworks";
			outputPaths = (
			);
			runOnlyForDeploymentPostprocessing = 0;
			shellPath = /bin/sh;
			shellScript = "\"${SRCROOT}/Pods/Target Support Files/Pods/Pods-frameworks.sh\"\n";
			showEnvVarsInLog = 0;
		};
		C1381B58760968109349242B /* Check Pods Manifest.lock */ = {
			isa = PBXShellScriptBuildPhase;
			buildActionMask = 2147483647;
			files = (
			);
			inputPaths = (
			);
			name = "Check Pods Manifest.lock";
			outputPaths = (
			);
			runOnlyForDeploymentPostprocessing = 0;
			shellPath = /bin/sh;
			shellScript = "diff \"${PODS_ROOT}/../Podfile.lock\" \"${PODS_ROOT}/Manifest.lock\" > /dev/null\nif [[ $? != 0 ]] ; then\n    cat << EOM\nerror: The sandbox is not in sync with the Podfile.lock. Run 'pod install' or update your CocoaPods installation.\nEOM\n    exit 1\nfi\n";
			showEnvVarsInLog = 0;
		};
		C74A12F1B404CD9A47F25C18 /* Embed Pods Frameworks */ = {
			isa = PBXShellScriptBuildPhase;
			buildActionMask = 2147483647;
			files = (
			);
			inputPaths = (
			);
			name = "Embed Pods Frameworks";
			outputPaths = (
			);
			runOnlyForDeploymentPostprocessing = 0;
			shellPath = /bin/sh;
			shellScript = "\"${SRCROOT}/Pods/Target Support Files/Pods/Pods-frameworks.sh\"\n";
			showEnvVarsInLog = 0;
		};
/* End PBXShellScriptBuildPhase section */

/* Begin PBXSourcesBuildPhase section */
		49ACB8371AD5CAA00050C1B7 /* Sources */ = {
			isa = PBXSourcesBuildPhase;
			buildActionMask = 2147483647;
			files = (
				4910B4021B0E200200FDC0EA /* Application.swift in Sources */,
				4910B4441B0E8EC100FDC0EA /* ReviewMenuViewController.swift in Sources */,
				4910B4531B0E8F0F00FDC0EA /* ReviewArrayController.swift in Sources */,
				4910B47E1B0E8F7800FDC0EA /* SliceLayer.m in Sources */,
				4910B47B1B0E8F7800FDC0EA /* BackgroundView.m in Sources */,
				4910B4511B0E8F0F00FDC0EA /* AutomaticUpdateTransformer.swift in Sources */,
				4910B4001B0E200200FDC0EA /* ItunesService.swift in Sources */,
				4910B4461B0E8EC100FDC0EA /* ReviewSplitViewController.swift in Sources */,
				4910B4361B0E8E7300FDC0EA /* AppDelegate.swift in Sources */,
				4910B3FB1B0E200200FDC0EA /* Array+Utils.swift in Sources */,
				4910B3FA1B0E200200FDC0EA /* Application+String.swift in Sources */,
				4910B48D1B0E8FBF00FDC0EA /* NSColor+AppReviews.swift in Sources */,
				4910B4011B0E200200FDC0EA /* ItunesUrlHandler.swift in Sources */,
				4910B46F1B0E8F6700FDC0EA /* DonateButton.swift in Sources */,
				4910B4711B0E8F6700FDC0EA /* ReviewCellView.swift in Sources */,
				4910B4061B0E200200FDC0EA /* PersistentStack.swift in Sources */,
				4910B48F1B0E8FBF00FDC0EA /* NSUserDefaults+Appreviews.swift in Sources */,
				4910B47C1B0E8F7800FDC0EA /* NSColor+CGColor.m in Sources */,
				4910B4381B0E8E8500FDC0EA /* StatusMenuController.swift in Sources */,
				4910B46E1B0E8F6700FDC0EA /* ApplicationCellView.swift in Sources */,
				4910B3FC1B0E200200FDC0EA /* Review+String.swift in Sources */,
				4910B43C1B0E8E9600FDC0EA /* ApplicationWindowController.swift in Sources */,
				4910B4051B0E200200FDC0EA /* Review.swift in Sources */,
				4910B3FF1B0E200200FDC0EA /* DatabaseHandler.swift in Sources */,
				4910B48C1B0E8FBF00FDC0EA /* NSApplicationDelegate+Version.swift in Sources */,
				4910B4031B0E200200FDC0EA /* ApplicationSettings.swift in Sources */,
				4910B4071B0E200200FDC0EA /* ReviewManager.swift in Sources */,
				4910B47D1B0E8F7800FDC0EA /* PieChart.m in Sources */,
				4910B3F91B0E200200FDC0EA /* ApplicationUpdater.swift in Sources */,
				4910B44A1B0E8ED400FDC0EA /* AboutViewController.swift in Sources */,
				4910B3FE1B0E200200FDC0EA /* String+Emoji.swift in Sources */,
				4910B4481B0E8EC100FDC0EA /* ReviewWindowController.swift in Sources */,
				4910B4521B0E8F0F00FDC0EA /* NotificationsHandler.swift in Sources */,
				4910B4541B0E8F0F00FDC0EA /* TableImageCellTransformer.swift in Sources */,
				4910B4901B0E8FBF00FDC0EA /* String+Size.swift in Sources */,
				4910B4081B0E200200FDC0EA /* Timer.swift in Sources */,
				4910B3FD1B0E200200FDC0EA /* String+AppVersion.swift in Sources */,
				4910B48B1B0E8FBF00FDC0EA /* AutoSizedTextField.swift in Sources */,
				4910B43B1B0E8E9600FDC0EA /* ApplicationViewController.swift in Sources */,
				4910B4471B0E8EC100FDC0EA /* ReviewViewController.swift in Sources */,
				4910B4501B0E8F0F00FDC0EA /* ApplicationArrayController.swift in Sources */,
				4910B43E1B0E8EA200FDC0EA /* SearchViewController.swift in Sources */,
				4910B4041B0E200200FDC0EA /* AppReviews.xcdatamodeld in Sources */,
				4910B4451B0E8EC100FDC0EA /* ReviewPieChartController.swift in Sources */,
				4910B48E1B0E8FBF00FDC0EA /* NSImageView+Networking.swift in Sources */,
			);
			runOnlyForDeploymentPostprocessing = 0;
		};
		49ACB84C1AD5CAA00050C1B7 /* Sources */ = {
			isa = PBXSourcesBuildPhase;
			buildActionMask = 2147483647;
			files = (
				4910B4201B0E8AEF00FDC0EA /* AppReviewsTests.swift in Sources */,
				4910B4221B0E8AEF00FDC0EA /* ItunesUrlHandlerTest.swift in Sources */,
				4910B41C1B0E26FE00FDC0EA /* ItunesService.swift in Sources */,
				4910B4211B0E8AEF00FDC0EA /* AppVersionTests.swift in Sources */,
				4910B41B1B0E26A400FDC0EA /* ItunesUrlHandler.swift in Sources */,
			);
			runOnlyForDeploymentPostprocessing = 0;
		};
/* End PBXSourcesBuildPhase section */

/* Begin PBXTargetDependency section */
		49ACB8521AD5CAA00050C1B7 /* PBXTargetDependency */ = {
			isa = PBXTargetDependency;
			target = 49ACB83A1AD5CAA00050C1B7 /* App Reviews */;
			targetProxy = 49ACB8511AD5CAA00050C1B7 /* PBXContainerItemProxy */;
		};
/* End PBXTargetDependency section */

/* Begin PBXVariantGroup section */
		4910B49A1B0E906800FDC0EA /* Main.storyboard */ = {
			isa = PBXVariantGroup;
			children = (
				4910B49B1B0E906800FDC0EA /* Base */,
			);
			name = Main.storyboard;
			sourceTree = "<group>";
		};
/* End PBXVariantGroup section */

/* Begin XCBuildConfiguration section */
		49ACB8581AD5CAA00050C1B7 /* Debug */ = {
			isa = XCBuildConfiguration;
			buildSettings = {
				ALWAYS_SEARCH_USER_PATHS = NO;
				CLANG_CXX_LANGUAGE_STANDARD = "gnu++0x";
				CLANG_CXX_LIBRARY = "libc++";
				CLANG_ENABLE_MODULES = YES;
				CLANG_ENABLE_OBJC_ARC = YES;
				CLANG_WARN_BOOL_CONVERSION = YES;
				CLANG_WARN_CONSTANT_CONVERSION = YES;
				CLANG_WARN_DIRECT_OBJC_ISA_USAGE = YES_ERROR;
				CLANG_WARN_EMPTY_BODY = YES;
				CLANG_WARN_ENUM_CONVERSION = YES;
				CLANG_WARN_INT_CONVERSION = YES;
				CLANG_WARN_OBJC_ROOT_CLASS = YES_ERROR;
				CLANG_WARN_UNREACHABLE_CODE = YES;
				CLANG_WARN__DUPLICATE_METHOD_MATCH = YES;
				CODE_SIGN_ENTITLEMENTS = AppReviews/AppReviews.entitlements;
				"CODE_SIGN_ENTITLEMENTS[sdk=*]" = AppReviews/AppReviews.entitlements;
				CODE_SIGN_IDENTITY = "Mac Developer: Knut Inge Grosland (BV7ZH22G55)";
				COPY_PHASE_STRIP = NO;
				ENABLE_STRICT_OBJC_MSGSEND = YES;
				GCC_C_LANGUAGE_STANDARD = gnu99;
				GCC_DYNAMIC_NO_PIC = NO;
				GCC_OPTIMIZATION_LEVEL = 0;
				GCC_PREPROCESSOR_DEFINITIONS = (
					"DEBUG=1",
					"$(inherited)",
				);
				GCC_SYMBOLS_PRIVATE_EXTERN = NO;
				GCC_WARN_64_TO_32_BIT_CONVERSION = YES;
				GCC_WARN_ABOUT_RETURN_TYPE = YES_ERROR;
				GCC_WARN_UNDECLARED_SELECTOR = YES;
				GCC_WARN_UNINITIALIZED_AUTOS = YES_AGGRESSIVE;
				GCC_WARN_UNUSED_FUNCTION = YES;
				GCC_WARN_UNUSED_VARIABLE = YES;
				MACOSX_DEPLOYMENT_TARGET = 10.10;
				MTL_ENABLE_DEBUG_INFO = YES;
				ONLY_ACTIVE_ARCH = YES;
				PROVISIONING_PROFILE = "3e6a8535-7db0-444f-948f-7943b45678de";
				SDKROOT = macosx;
				SWIFT_OPTIMIZATION_LEVEL = "-Onone";
			};
			name = Debug;
		};
		49ACB8591AD5CAA00050C1B7 /* Release */ = {
			isa = XCBuildConfiguration;
			buildSettings = {
				ALWAYS_SEARCH_USER_PATHS = NO;
				CLANG_CXX_LANGUAGE_STANDARD = "gnu++0x";
				CLANG_CXX_LIBRARY = "libc++";
				CLANG_ENABLE_MODULES = YES;
				CLANG_ENABLE_OBJC_ARC = YES;
				CLANG_WARN_BOOL_CONVERSION = YES;
				CLANG_WARN_CONSTANT_CONVERSION = YES;
				CLANG_WARN_DIRECT_OBJC_ISA_USAGE = YES_ERROR;
				CLANG_WARN_EMPTY_BODY = YES;
				CLANG_WARN_ENUM_CONVERSION = YES;
				CLANG_WARN_INT_CONVERSION = YES;
				CLANG_WARN_OBJC_ROOT_CLASS = YES_ERROR;
				CLANG_WARN_UNREACHABLE_CODE = YES;
				CLANG_WARN__DUPLICATE_METHOD_MATCH = YES;
				CODE_SIGN_ENTITLEMENTS = AppReviews/AppReviews.entitlements;
				CODE_SIGN_IDENTITY = "3rd Party Mac Developer Application: Knut Inge Grosland (2PRW676NCQ)";
				COPY_PHASE_STRIP = NO;
				DEBUG_INFORMATION_FORMAT = "dwarf-with-dsym";
				ENABLE_NS_ASSERTIONS = NO;
				ENABLE_STRICT_OBJC_MSGSEND = YES;
				GCC_C_LANGUAGE_STANDARD = gnu99;
				GCC_WARN_64_TO_32_BIT_CONVERSION = YES;
				GCC_WARN_ABOUT_RETURN_TYPE = YES_ERROR;
				GCC_WARN_UNDECLARED_SELECTOR = YES;
				GCC_WARN_UNINITIALIZED_AUTOS = YES_AGGRESSIVE;
				GCC_WARN_UNUSED_FUNCTION = YES;
				GCC_WARN_UNUSED_VARIABLE = YES;
				MACOSX_DEPLOYMENT_TARGET = 10.10;
				MTL_ENABLE_DEBUG_INFO = NO;
				PROVISIONING_PROFILE = "e7ec0131-348c-4fbc-be4b-10ebf0eb0230";
				SDKROOT = macosx;
			};
			name = Release;
		};
		49ACB85B1AD5CAA00050C1B7 /* Debug */ = {
			isa = XCBuildConfiguration;
			baseConfigurationReference = 8E9E3A98AF3DC476EF9A0809 /* Pods.debug.xcconfig */;
			buildSettings = {
				ASSETCATALOG_COMPILER_APPICON_NAME = AppIcon;
				CODE_SIGN_ENTITLEMENTS = AppReviews/AppReviews.entitlements;
				CODE_SIGN_IDENTITY = "Mac Developer: Knut Inge Grosland (BV7ZH22G55)";
				"CODE_SIGN_IDENTITY[sdk=macosx*]" = "Mac Developer: Knut Inge Grosland (BV7ZH22G55)";
				COMBINE_HIDPI_IMAGES = YES;
				INFOPLIST_FILE = AppReviews/Info.plist;
				LD_RUNPATH_SEARCH_PATHS = "$(inherited) @executable_path/../Frameworks";
				ONLY_ACTIVE_ARCH = YES;
				OTHER_SWIFT_FLAGS = "$(inherited) \"-D\" \"COCOAPODS\" \"-D\" \"DEBUG\"";
				PRODUCT_NAME = "App Reviews";
				PROVISIONING_PROFILE = "3e6a8535-7db0-444f-948f-7943b45678de";
				SWIFT_OBJC_BRIDGING_HEADER = "AppReviews/Objective-C-BridgingHeader.h";
			};
			name = Debug;
		};
		49ACB85C1AD5CAA00050C1B7 /* Release */ = {
			isa = XCBuildConfiguration;
			baseConfigurationReference = F9CE0DF35CA051BD774393CD /* Pods.release.xcconfig */;
			buildSettings = {
				ASSETCATALOG_COMPILER_APPICON_NAME = AppIcon;
				CODE_SIGN_ENTITLEMENTS = AppReviews/AppReviews.entitlements;
				CODE_SIGN_IDENTITY = "3rd Party Mac Developer Application: Knut Inge Grosland (2PRW676NCQ)";
				"CODE_SIGN_IDENTITY[sdk=macosx*]" = "3rd Party Mac Developer Application: Knut Inge Grosland (2PRW676NCQ)";
				COMBINE_HIDPI_IMAGES = YES;
				INFOPLIST_FILE = AppReviews/Info.plist;
				LD_RUNPATH_SEARCH_PATHS = "$(inherited) @executable_path/../Frameworks";
				PRODUCT_NAME = "App Reviews";
				PROVISIONING_PROFILE = "e7ec0131-348c-4fbc-be4b-10ebf0eb0230";
				SWIFT_OBJC_BRIDGING_HEADER = "AppReviews/Objective-C-BridgingHeader.h";
			};
			name = Release;
		};
		49ACB85E1AD5CAA00050C1B7 /* Debug */ = {
			isa = XCBuildConfiguration;
			baseConfigurationReference = 8E9E3A98AF3DC476EF9A0809 /* Pods.debug.xcconfig */;
			buildSettings = {
				BUNDLE_LOADER = "$(TEST_HOST)";
				CODE_SIGN_ENTITLEMENTS = AppReviews/AppReviews.entitlements;
				COMBINE_HIDPI_IMAGES = YES;
				FRAMEWORK_SEARCH_PATHS = (
					"$(DEVELOPER_FRAMEWORKS_DIR)",
					"$(inherited)",
				);
				GCC_PREPROCESSOR_DEFINITIONS = (
					"DEBUG=1",
					"$(inherited)",
				);
				INFOPLIST_FILE = AppReviewsTests/Info.plist;
				LD_RUNPATH_SEARCH_PATHS = "$(inherited) @executable_path/../Frameworks @loader_path/../Frameworks";
				PRODUCT_NAME = "App ReviewsTests";
				TEST_HOST = "$(BUILT_PRODUCTS_DIR)/App Reviews.app/Contents/MacOS/App Reviews";
			};
			name = Debug;
		};
		49ACB85F1AD5CAA00050C1B7 /* Release */ = {
			isa = XCBuildConfiguration;
			baseConfigurationReference = F9CE0DF35CA051BD774393CD /* Pods.release.xcconfig */;
			buildSettings = {
				BUNDLE_LOADER = "$(TEST_HOST)";
				CODE_SIGN_ENTITLEMENTS = AppReviews/AppReviews.entitlements;
				COMBINE_HIDPI_IMAGES = YES;
				FRAMEWORK_SEARCH_PATHS = (
					"$(DEVELOPER_FRAMEWORKS_DIR)",
					"$(inherited)",
				);
				INFOPLIST_FILE = AppReviewsTests/Info.plist;
				LD_RUNPATH_SEARCH_PATHS = "$(inherited) @executable_path/../Frameworks @loader_path/../Frameworks";
				PRODUCT_NAME = "App ReviewsTests";
				TEST_HOST = "$(BUILT_PRODUCTS_DIR)/App Reviews.app/Contents/MacOS/App Reviews";
			};
			name = Release;
		};
/* End XCBuildConfiguration section */

/* Begin XCConfigurationList section */
		49ACB8361AD5CAA00050C1B7 /* Build configuration list for PBXProject "App Reviews" */ = {
			isa = XCConfigurationList;
			buildConfigurations = (
				49ACB8581AD5CAA00050C1B7 /* Debug */,
				49ACB8591AD5CAA00050C1B7 /* Release */,
			);
			defaultConfigurationIsVisible = 0;
			defaultConfigurationName = Release;
		};
		49ACB85A1AD5CAA00050C1B7 /* Build configuration list for PBXNativeTarget "App Reviews" */ = {
			isa = XCConfigurationList;
			buildConfigurations = (
				49ACB85B1AD5CAA00050C1B7 /* Debug */,
				49ACB85C1AD5CAA00050C1B7 /* Release */,
			);
			defaultConfigurationIsVisible = 0;
			defaultConfigurationName = Release;
		};
		49ACB85D1AD5CAA00050C1B7 /* Build configuration list for PBXNativeTarget "App ReviewsTests" */ = {
			isa = XCConfigurationList;
			buildConfigurations = (
				49ACB85E1AD5CAA00050C1B7 /* Debug */,
				49ACB85F1AD5CAA00050C1B7 /* Release */,
			);
			defaultConfigurationIsVisible = 0;
			defaultConfigurationName = Release;
		};
/* End XCConfigurationList section */

/* Begin XCVersionGroup section */
		4910B3F31B0E200200FDC0EA /* AppReviews.xcdatamodeld */ = {
			isa = XCVersionGroup;
			children = (
				4910B3F41B0E200200FDC0EA /* AppReviews.xcdatamodel */,
			);
			currentVersion = 4910B3F41B0E200200FDC0EA /* AppReviews.xcdatamodel */;
			path = AppReviews.xcdatamodeld;
			sourceTree = "<group>";
			versionGroupType = wrapper.xcdatamodel;
		};
/* End XCVersionGroup section */
	};
	rootObject = 49ACB8331AD5CAA00050C1B7 /* Project object */;
}
