// !$*UTF8*$!
{
	archiveVersion = 1;
	classes = {
	};
	objectVersion = 46;
	objects = {

/* Begin PBXBuildFile section */
		33EAB290AB0EE07A95E14FC0 /* Pods.framework in Frameworks */ = {isa = PBXBuildFile; fileRef = 5083B9909F1AD9259C461DBD /* Pods.framework */; settings = {ATTRIBUTES = (Weak, ); }; };
		4930D50A1AE7013600C90FDE /* ApplicationWindowController.swift in Sources */ = {isa = PBXBuildFile; fileRef = 4930D5091AE7013600C90FDE /* ApplicationWindowController.swift */; };
		493218F61AE5A580008996EC /* AutoSizedTextField.swift in Sources */ = {isa = PBXBuildFile; fileRef = 493218F51AE5A580008996EC /* AutoSizedTextField.swift */; };
		493FC55E1AF81D220043304C /* BackgroundView.m in Sources */ = {isa = PBXBuildFile; fileRef = 493FC5561AF81D220043304C /* BackgroundView.m */; };
		493FC55F1AF81D220043304C /* NSColor+CGColor.m in Sources */ = {isa = PBXBuildFile; fileRef = 493FC5581AF81D220043304C /* NSColor+CGColor.m */; };
		493FC5601AF81D220043304C /* PieChart.m in Sources */ = {isa = PBXBuildFile; fileRef = 493FC55A1AF81D220043304C /* PieChart.m */; };
		493FC5611AF81D220043304C /* SliceLayer.m in Sources */ = {isa = PBXBuildFile; fileRef = 493FC55C1AF81D220043304C /* SliceLayer.m */; };
		494844AE1AE4713200696E4A /* String+AppVersion.swift in Sources */ = {isa = PBXBuildFile; fileRef = 496522A31AE45C44004C126C /* String+AppVersion.swift */; };
		496522A21AE31ED1004C126C /* Array+Utils.swift in Sources */ = {isa = PBXBuildFile; fileRef = 496522A11AE31ED1004C126C /* Array+Utils.swift */; };
		496522A41AE45C44004C126C /* String+AppVersion.swift in Sources */ = {isa = PBXBuildFile; fileRef = 496522A31AE45C44004C126C /* String+AppVersion.swift */; };
		4974240A1AF55023004A65A8 /* NotificationsHandler.swift in Sources */ = {isa = PBXBuildFile; fileRef = 497424091AF55023004A65A8 /* NotificationsHandler.swift */; };
		4974240C1AF61C35004A65A8 /* AutomaticUpdateTransformer.swift in Sources */ = {isa = PBXBuildFile; fileRef = 4974240B1AF61C35004A65A8 /* AutomaticUpdateTransformer.swift */; };
		497E10341AEBE1AC006726F0 /* ApplicationSettings.swift in Sources */ = {isa = PBXBuildFile; fileRef = 497E10331AEBE1AC006726F0 /* ApplicationSettings.swift */; };
		498111E31AE002E5000CBFBF /* StatusMenuController.swift in Sources */ = {isa = PBXBuildFile; fileRef = 498111E21AE002E5000CBFBF /* StatusMenuController.swift */; };
		498111E71AE07BC0000CBFBF /* ReviewWindowController.swift in Sources */ = {isa = PBXBuildFile; fileRef = 498111E61AE07BC0000CBFBF /* ReviewWindowController.swift */; };
		49997B7C1ADDB3F000B56590 /* TableImageCellTransformer.swift in Sources */ = {isa = PBXBuildFile; fileRef = 49997B7B1ADDB3F000B56590 /* TableImageCellTransformer.swift */; };
		49997B7E1ADDC7A700B56590 /* application.json in Resources */ = {isa = PBXBuildFile; fileRef = 49997B7D1ADDC7A700B56590 /* application.json */; };
		49A003591AD687A8001E10BE /* DatabaseHandler.swift in Sources */ = {isa = PBXBuildFile; fileRef = 49A003581AD687A8001E10BE /* DatabaseHandler.swift */; };
		49A0035B1AD68840001E10BE /* ItunesService.swift in Sources */ = {isa = PBXBuildFile; fileRef = 49A0035A1AD68840001E10BE /* ItunesService.swift */; };
		49A003611AD73161001E10BE /* reviews.json in Resources */ = {isa = PBXBuildFile; fileRef = 49A003601AD73161001E10BE /* reviews.json */; };
		49A5C20A1AF65E8500B3BBC5 /* InAppPurchaseManager.swift in Sources */ = {isa = PBXBuildFile; fileRef = 49A5C2091AF65E8500B3BBC5 /* InAppPurchaseManager.swift */; };
		49A5C20C1AF6627900B3BBC5 /* AboutViewController.swift in Sources */ = {isa = PBXBuildFile; fileRef = 49A5C20B1AF6627900B3BBC5 /* AboutViewController.swift */; };
		49A5C20E1AF686EC00B3BBC5 /* NSApplicationDelegate+Version.swift in Sources */ = {isa = PBXBuildFile; fileRef = 49A5C20D1AF686EC00B3BBC5 /* NSApplicationDelegate+Version.swift */; };
		49A5C22C1AF8157E00B3BBC5 /* ReviewPieChartController.swift in Sources */ = {isa = PBXBuildFile; fileRef = 49A5C22B1AF8157E00B3BBC5 /* ReviewPieChartController.swift */; };
		49A75E4E1AD9BCDF004A4742 /* ReviewArrayController.swift in Sources */ = {isa = PBXBuildFile; fileRef = 49A75E4D1AD9BCDF004A4742 /* ReviewArrayController.swift */; };
		49AAB8C11AE8518500B412A8 /* ReviewSplitViewController.swift in Sources */ = {isa = PBXBuildFile; fileRef = 49AAB8C01AE8518500B412A8 /* ReviewSplitViewController.swift */; };
		49AAB8C31AE854EA00B412A8 /* ReviewMenuViewController.swift in Sources */ = {isa = PBXBuildFile; fileRef = 49AAB8C21AE854EA00B412A8 /* ReviewMenuViewController.swift */; };
		49AAB8D71AE9AC9C00B412A8 /* String+Size.swift in Sources */ = {isa = PBXBuildFile; fileRef = 49AAB8D61AE9AC9C00B412A8 /* String+Size.swift */; };
		49ACB8411AD5CAA00050C1B7 /* AppDelegate.swift in Sources */ = {isa = PBXBuildFile; fileRef = 49ACB8401AD5CAA00050C1B7 /* AppDelegate.swift */; };
		49ACB8431AD5CAA00050C1B7 /* ReviewViewController.swift in Sources */ = {isa = PBXBuildFile; fileRef = 49ACB8421AD5CAA00050C1B7 /* ReviewViewController.swift */; };
		49ACB8461AD5CAA00050C1B7 /* AppReviews.xcdatamodeld in Sources */ = {isa = PBXBuildFile; fileRef = 49ACB8441AD5CAA00050C1B7 /* AppReviews.xcdatamodeld */; };
		49ACB8481AD5CAA00050C1B7 /* Images.xcassets in Resources */ = {isa = PBXBuildFile; fileRef = 49ACB8471AD5CAA00050C1B7 /* Images.xcassets */; };
		49ACB84B1AD5CAA00050C1B7 /* Main.storyboard in Resources */ = {isa = PBXBuildFile; fileRef = 49ACB8491AD5CAA00050C1B7 /* Main.storyboard */; };
		49ACB8571AD5CAA00050C1B7 /* AppstoreReviewsTests.swift in Sources */ = {isa = PBXBuildFile; fileRef = 49ACB8561AD5CAA00050C1B7 /* AppstoreReviewsTests.swift */; };
		49ACB8631AD5CE700050C1B7 /* ReviewManager.swift in Sources */ = {isa = PBXBuildFile; fileRef = 49ACB8621AD5CE700050C1B7 /* ReviewManager.swift */; };
		49ACB8681AD5E1730050C1B7 /* Review.swift in Sources */ = {isa = PBXBuildFile; fileRef = 49ACB8671AD5E1730050C1B7 /* Review.swift */; };
		49ACB86C1AD5EAF70050C1B7 /* PersistentStack.swift in Sources */ = {isa = PBXBuildFile; fileRef = 49ACB86B1AD5EAF70050C1B7 /* PersistentStack.swift */; };
		49C9CE651AFE6C41009D852D /* NSColor+AppReviews.swift in Sources */ = {isa = PBXBuildFile; fileRef = 49C9CE641AFE6C41009D852D /* NSColor+AppReviews.swift */; };
		49C9CE671AFE9A95009D852D /* InAppPurchaseReceipt.swift in Sources */ = {isa = PBXBuildFile; fileRef = 49C9CE661AFE9A95009D852D /* InAppPurchaseReceipt.swift */; };
		49C9CE691AFEB09B009D852D /* NSUserDefaults+Appreviews.swift in Sources */ = {isa = PBXBuildFile; fileRef = 49C9CE681AFEB09B009D852D /* NSUserDefaults+Appreviews.swift */; };
		49C9CE6B1AFEBC89009D852D /* Application+Premium.swift in Sources */ = {isa = PBXBuildFile; fileRef = 49C9CE6A1AFEBC89009D852D /* Application+Premium.swift */; };
		49C9CE6D1AFF86D7009D852D /* ItunesUrlHandler.swift in Sources */ = {isa = PBXBuildFile; fileRef = 49C9CE6C1AFF86D7009D852D /* ItunesUrlHandler.swift */; };
		49C9CE6F1B000241009D852D /* Review+String.swift in Sources */ = {isa = PBXBuildFile; fileRef = 49C9CE6E1B000241009D852D /* Review+String.swift */; };
		49C9CE711B000C65009D852D /* Application+String.swift in Sources */ = {isa = PBXBuildFile; fileRef = 49C9CE701B000C65009D852D /* Application+String.swift */; };
		49C9CE841B0140F5009D852D /* StoreKit.framework in Frameworks */ = {isa = PBXBuildFile; fileRef = 49C9CE831B0140F5009D852D /* StoreKit.framework */; };
		49C9CE861B0161BB009D852D /* String+Emoji.swift in Sources */ = {isa = PBXBuildFile; fileRef = 49C9CE851B0161BB009D852D /* String+Emoji.swift */; };
		49DAA2FE1AD80DBB002807A7 /* Application.swift in Sources */ = {isa = PBXBuildFile; fileRef = 49DAA2FD1AD80DBB002807A7 /* Application.swift */; };
		49EF51051AE1BC5900E5901C /* Timer.swift in Sources */ = {isa = PBXBuildFile; fileRef = 49EF51041AE1BC5900E5901C /* Timer.swift */; };
		49EF51081AE1CE8B00E5901C /* ApplicationUpdater.swift in Sources */ = {isa = PBXBuildFile; fileRef = 49EF51071AE1CE8B00E5901C /* ApplicationUpdater.swift */; };
		49F800E81ADAA0DC004A1BF1 /* ReviewCellView.swift in Sources */ = {isa = PBXBuildFile; fileRef = 49F800E71ADAA0DC004A1BF1 /* ReviewCellView.swift */; };
		49F800EA1ADAAD58004A1BF1 /* ApplicationArrayController.swift in Sources */ = {isa = PBXBuildFile; fileRef = 49F800E91ADAAD58004A1BF1 /* ApplicationArrayController.swift */; };
		49F800EE1ADC6358004A1BF1 /* SearchViewController.swift in Sources */ = {isa = PBXBuildFile; fileRef = 49F800ED1ADC6358004A1BF1 /* SearchViewController.swift */; };
		49F800F01ADC674B004A1BF1 /* ApplicationCellView.swift in Sources */ = {isa = PBXBuildFile; fileRef = 49F800EF1ADC674B004A1BF1 /* ApplicationCellView.swift */; };
		49F800F31ADC7944004A1BF1 /* NSImageView+Networking.swift in Sources */ = {isa = PBXBuildFile; fileRef = 49F800F21ADC7944004A1BF1 /* NSImageView+Networking.swift */; };
		49F800F81ADC84A7004A1BF1 /* ApplicationViewController.swift in Sources */ = {isa = PBXBuildFile; fileRef = 49F800F71ADC84A7004A1BF1 /* ApplicationViewController.swift */; };
		67821E35AE9AB2E4F46170D4 /* Pods.framework in Frameworks */ = {isa = PBXBuildFile; fileRef = 5083B9909F1AD9259C461DBD /* Pods.framework */; settings = {ATTRIBUTES = (Weak, ); }; };
/* End PBXBuildFile section */

/* Begin PBXContainerItemProxy section */
		49ACB8511AD5CAA00050C1B7 /* PBXContainerItemProxy */ = {
			isa = PBXContainerItemProxy;
			containerPortal = 49ACB8331AD5CAA00050C1B7 /* Project object */;
			proxyType = 1;
			remoteGlobalIDString = 49ACB83A1AD5CAA00050C1B7;
			remoteInfo = AppstoreReviews;
		};
/* End PBXContainerItemProxy section */

/* Begin PBXFileReference section */
		4930D5091AE7013600C90FDE /* ApplicationWindowController.swift */ = {isa = PBXFileReference; fileEncoding = 4; lastKnownFileType = sourcecode.swift; path = ApplicationWindowController.swift; sourceTree = "<group>"; };
		493218F51AE5A580008996EC /* AutoSizedTextField.swift */ = {isa = PBXFileReference; fileEncoding = 4; lastKnownFileType = sourcecode.swift; path = AutoSizedTextField.swift; sourceTree = "<group>"; };
		493FC5551AF81D220043304C /* BackgroundView.h */ = {isa = PBXFileReference; fileEncoding = 4; lastKnownFileType = sourcecode.c.h; path = BackgroundView.h; sourceTree = "<group>"; };
		493FC5561AF81D220043304C /* BackgroundView.m */ = {isa = PBXFileReference; fileEncoding = 4; lastKnownFileType = sourcecode.c.objc; path = BackgroundView.m; sourceTree = "<group>"; };
		493FC5571AF81D220043304C /* NSColor+CGColor.h */ = {isa = PBXFileReference; fileEncoding = 4; lastKnownFileType = sourcecode.c.h; path = "NSColor+CGColor.h"; sourceTree = "<group>"; };
		493FC5581AF81D220043304C /* NSColor+CGColor.m */ = {isa = PBXFileReference; fileEncoding = 4; lastKnownFileType = sourcecode.c.objc; path = "NSColor+CGColor.m"; sourceTree = "<group>"; };
		493FC5591AF81D220043304C /* PieChart.h */ = {isa = PBXFileReference; fileEncoding = 4; lastKnownFileType = sourcecode.c.h; path = PieChart.h; sourceTree = "<group>"; };
		493FC55A1AF81D220043304C /* PieChart.m */ = {isa = PBXFileReference; fileEncoding = 4; lastKnownFileType = sourcecode.c.objc; path = PieChart.m; sourceTree = "<group>"; };
		493FC55B1AF81D220043304C /* SliceLayer.h */ = {isa = PBXFileReference; fileEncoding = 4; lastKnownFileType = sourcecode.c.h; path = SliceLayer.h; sourceTree = "<group>"; };
		493FC55C1AF81D220043304C /* SliceLayer.m */ = {isa = PBXFileReference; fileEncoding = 4; lastKnownFileType = sourcecode.c.objc; path = SliceLayer.m; sourceTree = "<group>"; };
		493FC5661AF820860043304C /* Objective-C-BridgingHeader.h */ = {isa = PBXFileReference; fileEncoding = 4; lastKnownFileType = sourcecode.c.h; path = "Objective-C-BridgingHeader.h"; sourceTree = "<group>"; };
		495E80751B055B7700D0AFC0 /* README.md */ = {isa = PBXFileReference; lastKnownFileType = net.daringfireball.markdown; path = README.md; sourceTree = "<group>"; };
		496522A11AE31ED1004C126C /* Array+Utils.swift */ = {isa = PBXFileReference; fileEncoding = 4; lastKnownFileType = sourcecode.swift; path = "Array+Utils.swift"; sourceTree = "<group>"; };
		496522A31AE45C44004C126C /* String+AppVersion.swift */ = {isa = PBXFileReference; fileEncoding = 4; lastKnownFileType = sourcecode.swift; path = "String+AppVersion.swift"; sourceTree = "<group>"; };
		497424091AF55023004A65A8 /* NotificationsHandler.swift */ = {isa = PBXFileReference; fileEncoding = 4; lastKnownFileType = sourcecode.swift; path = NotificationsHandler.swift; sourceTree = "<group>"; };
		4974240B1AF61C35004A65A8 /* AutomaticUpdateTransformer.swift */ = {isa = PBXFileReference; fileEncoding = 4; lastKnownFileType = sourcecode.swift; path = AutomaticUpdateTransformer.swift; sourceTree = "<group>"; };
		497E10331AEBE1AC006726F0 /* ApplicationSettings.swift */ = {isa = PBXFileReference; fileEncoding = 4; lastKnownFileType = sourcecode.swift; path = ApplicationSettings.swift; sourceTree = "<group>"; };
		498111E21AE002E5000CBFBF /* StatusMenuController.swift */ = {isa = PBXFileReference; fileEncoding = 4; lastKnownFileType = sourcecode.swift; path = StatusMenuController.swift; sourceTree = "<group>"; };
		498111E61AE07BC0000CBFBF /* ReviewWindowController.swift */ = {isa = PBXFileReference; fileEncoding = 4; lastKnownFileType = sourcecode.swift; path = ReviewWindowController.swift; sourceTree = "<group>"; };
		49997B7B1ADDB3F000B56590 /* TableImageCellTransformer.swift */ = {isa = PBXFileReference; fileEncoding = 4; lastKnownFileType = sourcecode.swift; path = TableImageCellTransformer.swift; sourceTree = "<group>"; };
		49997B7D1ADDC7A700B56590 /* application.json */ = {isa = PBXFileReference; fileEncoding = 4; lastKnownFileType = text.json; path = application.json; sourceTree = "<group>"; };
		49A003581AD687A8001E10BE /* DatabaseHandler.swift */ = {isa = PBXFileReference; fileEncoding = 4; lastKnownFileType = sourcecode.swift; path = DatabaseHandler.swift; sourceTree = "<group>"; };
		49A0035A1AD68840001E10BE /* ItunesService.swift */ = {isa = PBXFileReference; fileEncoding = 4; lastKnownFileType = sourcecode.swift; path = ItunesService.swift; sourceTree = "<group>"; };
		49A003601AD73161001E10BE /* reviews.json */ = {isa = PBXFileReference; fileEncoding = 4; lastKnownFileType = text.json; path = reviews.json; sourceTree = "<group>"; };
		49A5C2091AF65E8500B3BBC5 /* InAppPurchaseManager.swift */ = {isa = PBXFileReference; fileEncoding = 4; lastKnownFileType = sourcecode.swift; name = InAppPurchaseManager.swift; path = ../AppstoreReviews/InAppPurchaseManager.swift; sourceTree = "<group>"; };
		49A5C20B1AF6627900B3BBC5 /* AboutViewController.swift */ = {isa = PBXFileReference; fileEncoding = 4; lastKnownFileType = sourcecode.swift; path = AboutViewController.swift; sourceTree = "<group>"; };
		49A5C20D1AF686EC00B3BBC5 /* NSApplicationDelegate+Version.swift */ = {isa = PBXFileReference; fileEncoding = 4; lastKnownFileType = sourcecode.swift; path = "NSApplicationDelegate+Version.swift"; sourceTree = "<group>"; };
		49A5C22B1AF8157E00B3BBC5 /* ReviewPieChartController.swift */ = {isa = PBXFileReference; fileEncoding = 4; lastKnownFileType = sourcecode.swift; path = ReviewPieChartController.swift; sourceTree = "<group>"; };
		49A75E4D1AD9BCDF004A4742 /* ReviewArrayController.swift */ = {isa = PBXFileReference; fileEncoding = 4; lastKnownFileType = sourcecode.swift; path = ReviewArrayController.swift; sourceTree = "<group>"; };
		49AAB8C01AE8518500B412A8 /* ReviewSplitViewController.swift */ = {isa = PBXFileReference; fileEncoding = 4; lastKnownFileType = sourcecode.swift; path = ReviewSplitViewController.swift; sourceTree = "<group>"; };
		49AAB8C21AE854EA00B412A8 /* ReviewMenuViewController.swift */ = {isa = PBXFileReference; fileEncoding = 4; lastKnownFileType = sourcecode.swift; path = ReviewMenuViewController.swift; sourceTree = "<group>"; };
		49AAB8D61AE9AC9C00B412A8 /* String+Size.swift */ = {isa = PBXFileReference; fileEncoding = 4; lastKnownFileType = sourcecode.swift; path = "String+Size.swift"; sourceTree = "<group>"; };
		49ACB83B1AD5CAA00050C1B7 /* App Reviews.app */ = {isa = PBXFileReference; explicitFileType = wrapper.application; includeInIndex = 0; path = "App Reviews.app"; sourceTree = BUILT_PRODUCTS_DIR; };
		49ACB83F1AD5CAA00050C1B7 /* Info.plist */ = {isa = PBXFileReference; lastKnownFileType = text.plist.xml; path = Info.plist; sourceTree = "<group>"; };
		49ACB8401AD5CAA00050C1B7 /* AppDelegate.swift */ = {isa = PBXFileReference; lastKnownFileType = sourcecode.swift; path = AppDelegate.swift; sourceTree = "<group>"; };
		49ACB8421AD5CAA00050C1B7 /* ReviewViewController.swift */ = {isa = PBXFileReference; lastKnownFileType = sourcecode.swift; path = ReviewViewController.swift; sourceTree = "<group>"; };
		49ACB8451AD5CAA00050C1B7 /* AppReviews.xcdatamodel */ = {isa = PBXFileReference; lastKnownFileType = wrapper.xcdatamodel; path = AppReviews.xcdatamodel; sourceTree = "<group>"; };
		49ACB8471AD5CAA00050C1B7 /* Images.xcassets */ = {isa = PBXFileReference; lastKnownFileType = folder.assetcatalog; path = Images.xcassets; sourceTree = "<group>"; };
		49ACB84A1AD5CAA00050C1B7 /* Base */ = {isa = PBXFileReference; lastKnownFileType = file.storyboard; name = Base; path = Base.lproj/Main.storyboard; sourceTree = "<group>"; };
		49ACB8501AD5CAA00050C1B7 /* App ReviewsTests.xctest */ = {isa = PBXFileReference; explicitFileType = wrapper.cfbundle; includeInIndex = 0; path = "App ReviewsTests.xctest"; sourceTree = BUILT_PRODUCTS_DIR; };
		49ACB8551AD5CAA00050C1B7 /* Info.plist */ = {isa = PBXFileReference; lastKnownFileType = text.plist.xml; path = Info.plist; sourceTree = "<group>"; };
		49ACB8561AD5CAA00050C1B7 /* AppstoreReviewsTests.swift */ = {isa = PBXFileReference; lastKnownFileType = sourcecode.swift; path = AppstoreReviewsTests.swift; sourceTree = "<group>"; };
		49ACB8621AD5CE700050C1B7 /* ReviewManager.swift */ = {isa = PBXFileReference; fileEncoding = 4; lastKnownFileType = sourcecode.swift; path = ReviewManager.swift; sourceTree = "<group>"; };
		49ACB8671AD5E1730050C1B7 /* Review.swift */ = {isa = PBXFileReference; fileEncoding = 4; lastKnownFileType = sourcecode.swift; path = Review.swift; sourceTree = "<group>"; };
		49ACB86B1AD5EAF70050C1B7 /* PersistentStack.swift */ = {isa = PBXFileReference; fileEncoding = 4; lastKnownFileType = sourcecode.swift; path = PersistentStack.swift; sourceTree = "<group>"; };
		49C9CE641AFE6C41009D852D /* NSColor+AppReviews.swift */ = {isa = PBXFileReference; fileEncoding = 4; lastKnownFileType = sourcecode.swift; path = "NSColor+AppReviews.swift"; sourceTree = "<group>"; };
		49C9CE661AFE9A95009D852D /* InAppPurchaseReceipt.swift */ = {isa = PBXFileReference; fileEncoding = 4; lastKnownFileType = sourcecode.swift; path = InAppPurchaseReceipt.swift; sourceTree = "<group>"; };
		49C9CE681AFEB09B009D852D /* NSUserDefaults+Appreviews.swift */ = {isa = PBXFileReference; fileEncoding = 4; lastKnownFileType = sourcecode.swift; path = "NSUserDefaults+Appreviews.swift"; sourceTree = "<group>"; };
		49C9CE6A1AFEBC89009D852D /* Application+Premium.swift */ = {isa = PBXFileReference; fileEncoding = 4; lastKnownFileType = sourcecode.swift; path = "Application+Premium.swift"; sourceTree = "<group>"; };
		49C9CE6C1AFF86D7009D852D /* ItunesUrlHandler.swift */ = {isa = PBXFileReference; fileEncoding = 4; lastKnownFileType = sourcecode.swift; path = ItunesUrlHandler.swift; sourceTree = "<group>"; };
		49C9CE6E1B000241009D852D /* Review+String.swift */ = {isa = PBXFileReference; fileEncoding = 4; lastKnownFileType = sourcecode.swift; path = "Review+String.swift"; sourceTree = "<group>"; };
		49C9CE701B000C65009D852D /* Application+String.swift */ = {isa = PBXFileReference; fileEncoding = 4; lastKnownFileType = sourcecode.swift; path = "Application+String.swift"; sourceTree = "<group>"; };
		49C9CE821B01104C009D852D /* AppstoreReviews.entitlements */ = {isa = PBXFileReference; lastKnownFileType = text.xml; path = AppstoreReviews.entitlements; sourceTree = "<group>"; };
		49C9CE831B0140F5009D852D /* StoreKit.framework */ = {isa = PBXFileReference; lastKnownFileType = wrapper.framework; name = StoreKit.framework; path = System/Library/Frameworks/StoreKit.framework; sourceTree = SDKROOT; };
		49C9CE851B0161BB009D852D /* String+Emoji.swift */ = {isa = PBXFileReference; fileEncoding = 4; lastKnownFileType = sourcecode.swift; path = "String+Emoji.swift"; sourceTree = "<group>"; };
		49DAA2FD1AD80DBB002807A7 /* Application.swift */ = {isa = PBXFileReference; fileEncoding = 4; lastKnownFileType = sourcecode.swift; path = Application.swift; sourceTree = "<group>"; };
		49EF51041AE1BC5900E5901C /* Timer.swift */ = {isa = PBXFileReference; fileEncoding = 4; lastKnownFileType = sourcecode.swift; path = Timer.swift; sourceTree = "<group>"; };
		49EF51071AE1CE8B00E5901C /* ApplicationUpdater.swift */ = {isa = PBXFileReference; fileEncoding = 4; lastKnownFileType = sourcecode.swift; name = ApplicationUpdater.swift; path = ../AppstoreReviews/ApplicationUpdater.swift; sourceTree = "<group>"; };
		49F800E71ADAA0DC004A1BF1 /* ReviewCellView.swift */ = {isa = PBXFileReference; fileEncoding = 4; lastKnownFileType = sourcecode.swift; path = ReviewCellView.swift; sourceTree = "<group>"; };
		49F800E91ADAAD58004A1BF1 /* ApplicationArrayController.swift */ = {isa = PBXFileReference; fileEncoding = 4; lastKnownFileType = sourcecode.swift; path = ApplicationArrayController.swift; sourceTree = "<group>"; };
		49F800ED1ADC6358004A1BF1 /* SearchViewController.swift */ = {isa = PBXFileReference; fileEncoding = 4; lastKnownFileType = sourcecode.swift; path = SearchViewController.swift; sourceTree = "<group>"; };
		49F800EF1ADC674B004A1BF1 /* ApplicationCellView.swift */ = {isa = PBXFileReference; fileEncoding = 4; lastKnownFileType = sourcecode.swift; path = ApplicationCellView.swift; sourceTree = "<group>"; };
		49F800F21ADC7944004A1BF1 /* NSImageView+Networking.swift */ = {isa = PBXFileReference; fileEncoding = 4; lastKnownFileType = sourcecode.swift; path = "NSImageView+Networking.swift"; sourceTree = "<group>"; };
		49F800F71ADC84A7004A1BF1 /* ApplicationViewController.swift */ = {isa = PBXFileReference; fileEncoding = 4; lastKnownFileType = sourcecode.swift; path = ApplicationViewController.swift; sourceTree = "<group>"; };
		5083B9909F1AD9259C461DBD /* Pods.framework */ = {isa = PBXFileReference; explicitFileType = wrapper.framework; includeInIndex = 0; path = Pods.framework; sourceTree = BUILT_PRODUCTS_DIR; };
		8E9E3A98AF3DC476EF9A0809 /* Pods.debug.xcconfig */ = {isa = PBXFileReference; includeInIndex = 1; lastKnownFileType = text.xcconfig; name = Pods.debug.xcconfig; path = "Pods/Target Support Files/Pods/Pods.debug.xcconfig"; sourceTree = "<group>"; };
		F9CE0DF35CA051BD774393CD /* Pods.release.xcconfig */ = {isa = PBXFileReference; includeInIndex = 1; lastKnownFileType = text.xcconfig; name = Pods.release.xcconfig; path = "Pods/Target Support Files/Pods/Pods.release.xcconfig"; sourceTree = "<group>"; };
/* End PBXFileReference section */

/* Begin PBXFrameworksBuildPhase section */
		49ACB8381AD5CAA00050C1B7 /* Frameworks */ = {
			isa = PBXFrameworksBuildPhase;
			buildActionMask = 2147483647;
			files = (
				67821E35AE9AB2E4F46170D4 /* Pods.framework in Frameworks */,
				49C9CE841B0140F5009D852D /* StoreKit.framework in Frameworks */,
			);
			runOnlyForDeploymentPostprocessing = 0;
		};
		49ACB84D1AD5CAA00050C1B7 /* Frameworks */ = {
			isa = PBXFrameworksBuildPhase;
			buildActionMask = 2147483647;
			files = (
				33EAB290AB0EE07A95E14FC0 /* Pods.framework in Frameworks */,
			);
			runOnlyForDeploymentPostprocessing = 0;
		};
/* End PBXFrameworksBuildPhase section */

/* Begin PBXGroup section */
		493FC5531AF81D220043304C /* PieChart */ = {
			isa = PBXGroup;
			children = (
				493FC5551AF81D220043304C /* BackgroundView.h */,
				493FC5561AF81D220043304C /* BackgroundView.m */,
				493FC5571AF81D220043304C /* NSColor+CGColor.h */,
				493FC5581AF81D220043304C /* NSColor+CGColor.m */,
				493FC5591AF81D220043304C /* PieChart.h */,
				493FC55A1AF81D220043304C /* PieChart.m */,
				493FC55B1AF81D220043304C /* SliceLayer.h */,
				493FC55C1AF81D220043304C /* SliceLayer.m */,
			);
			path = PieChart;
			sourceTree = "<group>";
		};
		497E10321AEBDF05006726F0 /* Models */ = {
			isa = PBXGroup;
			children = (
				49DAA2FD1AD80DBB002807A7 /* Application.swift */,
				497E10331AEBE1AC006726F0 /* ApplicationSettings.swift */,
				49ACB8671AD5E1730050C1B7 /* Review.swift */,
			);
			name = Models;
			sourceTree = "<group>";
		};
		49ACB8321AD5CAA00050C1B7 = {
			isa = PBXGroup;
			children = (
				495E80751B055B7700D0AFC0 /* README.md */,
				49ACB83D1AD5CAA00050C1B7 /* AppstoreReviews */,
				49ACB8531AD5CAA00050C1B7 /* AppstoreReviewsTests */,
				49ACB83C1AD5CAA00050C1B7 /* Products */,
				73449AF8DC9E47948900E43D /* Pods */,
				7147F03F6DDA32E9CC0315BF /* Frameworks */,
			);
			sourceTree = "<group>";
		};
		49ACB83C1AD5CAA00050C1B7 /* Products */ = {
			isa = PBXGroup;
			children = (
				49ACB83B1AD5CAA00050C1B7 /* App Reviews.app */,
				49ACB8501AD5CAA00050C1B7 /* App ReviewsTests.xctest */,
			);
			name = Products;
			sourceTree = "<group>";
		};
		49ACB83D1AD5CAA00050C1B7 /* AppstoreReviews */ = {
			isa = PBXGroup;
			children = (
				49C9CE821B01104C009D852D /* AppstoreReviews.entitlements */,
				49ACB8641AD5E00F0050C1B7 /* Review Data Handling */,
				49F800F51ADC840C004A1BF1 /* Window & ViewControllers */,
				49F800F41ADC83EC004A1BF1 /* Views and Cells */,
				49F800F61ADC844A004A1BF1 /* Data Controllers */,
				49F800F11ADC791B004A1BF1 /* Categories */,
				49EF51061AE1CB4400E5901C /* Utilities */,
				49ACB8471AD5CAA00050C1B7 /* Images.xcassets */,
				49ACB8441AD5CAA00050C1B7 /* AppReviews.xcdatamodeld */,
				49ACB83E1AD5CAA00050C1B7 /* Supporting Files */,
				49A003601AD73161001E10BE /* reviews.json */,
				49997B7D1ADDC7A700B56590 /* application.json */,
			);
			path = AppstoreReviews;
			sourceTree = "<group>";
		};
		49ACB83E1AD5CAA00050C1B7 /* Supporting Files */ = {
			isa = PBXGroup;
			children = (
				49ACB83F1AD5CAA00050C1B7 /* Info.plist */,
				493FC5661AF820860043304C /* Objective-C-BridgingHeader.h */,
			);
			name = "Supporting Files";
			sourceTree = "<group>";
		};
		49ACB8531AD5CAA00050C1B7 /* AppstoreReviewsTests */ = {
			isa = PBXGroup;
			children = (
				49ACB8561AD5CAA00050C1B7 /* AppstoreReviewsTests.swift */,
				49ACB8541AD5CAA00050C1B7 /* Supporting Files */,
			);
			path = AppstoreReviewsTests;
			sourceTree = "<group>";
		};
		49ACB8541AD5CAA00050C1B7 /* Supporting Files */ = {
			isa = PBXGroup;
			children = (
				49ACB8551AD5CAA00050C1B7 /* Info.plist */,
			);
			name = "Supporting Files";
			sourceTree = "<group>";
		};
		49ACB8641AD5E00F0050C1B7 /* Review Data Handling */ = {
			isa = PBXGroup;
			children = (
				497E10321AEBDF05006726F0 /* Models */,
				49ACB8621AD5CE700050C1B7 /* ReviewManager.swift */,
				49A003581AD687A8001E10BE /* DatabaseHandler.swift */,
				49EF51071AE1CE8B00E5901C /* ApplicationUpdater.swift */,
				49A0035A1AD68840001E10BE /* ItunesService.swift */,
				49C9CE6C1AFF86D7009D852D /* ItunesUrlHandler.swift */,
				49ACB86B1AD5EAF70050C1B7 /* PersistentStack.swift */,
				497424091AF55023004A65A8 /* NotificationsHandler.swift */,
			);
			name = "Review Data Handling";
			path = ../COAppstoreReviews;
			sourceTree = "<group>";
		};
		49EF51061AE1CB4400E5901C /* Utilities */ = {
			isa = PBXGroup;
			children = (
				49A5C2091AF65E8500B3BBC5 /* InAppPurchaseManager.swift */,
				49C9CE661AFE9A95009D852D /* InAppPurchaseReceipt.swift */,
				49EF51041AE1BC5900E5901C /* Timer.swift */,
			);
			name = Utilities;
			path = ../COAppstoreReviews;
			sourceTree = "<group>";
		};
		49F800F11ADC791B004A1BF1 /* Categories */ = {
			isa = PBXGroup;
			children = (
				496522A31AE45C44004C126C /* String+AppVersion.swift */,
				49C9CE851B0161BB009D852D /* String+Emoji.swift */,
				49C9CE6A1AFEBC89009D852D /* Application+Premium.swift */,
				49F800F21ADC7944004A1BF1 /* NSImageView+Networking.swift */,
				496522A11AE31ED1004C126C /* Array+Utils.swift */,
				493218F51AE5A580008996EC /* AutoSizedTextField.swift */,
				49AAB8D61AE9AC9C00B412A8 /* String+Size.swift */,
				49A5C20D1AF686EC00B3BBC5 /* NSApplicationDelegate+Version.swift */,
				49C9CE641AFE6C41009D852D /* NSColor+AppReviews.swift */,
				49C9CE681AFEB09B009D852D /* NSUserDefaults+Appreviews.swift */,
				49C9CE6E1B000241009D852D /* Review+String.swift */,
				49C9CE701B000C65009D852D /* Application+String.swift */,
			);
			name = Categories;
			path = ../COAppstoreReviews;
			sourceTree = "<group>";
		};
		49F800F41ADC83EC004A1BF1 /* Views and Cells */ = {
			isa = PBXGroup;
			children = (
				493FC5531AF81D220043304C /* PieChart */,
				49F800E71ADAA0DC004A1BF1 /* ReviewCellView.swift */,
				49F800EF1ADC674B004A1BF1 /* ApplicationCellView.swift */,
			);
			name = "Views and Cells";
			sourceTree = "<group>";
		};
		49F800F51ADC840C004A1BF1 /* Window & ViewControllers */ = {
			isa = PBXGroup;
			children = (
				49ACB8401AD5CAA00050C1B7 /* AppDelegate.swift */,
				49ACB8491AD5CAA00050C1B7 /* Main.storyboard */,
				498111E21AE002E5000CBFBF /* StatusMenuController.swift */,
				4930D5091AE7013600C90FDE /* ApplicationWindowController.swift */,
				49F800F71ADC84A7004A1BF1 /* ApplicationViewController.swift */,
				49F800ED1ADC6358004A1BF1 /* SearchViewController.swift */,
				498111E61AE07BC0000CBFBF /* ReviewWindowController.swift */,
				49AAB8C01AE8518500B412A8 /* ReviewSplitViewController.swift */,
				49AAB8C21AE854EA00B412A8 /* ReviewMenuViewController.swift */,
				49ACB8421AD5CAA00050C1B7 /* ReviewViewController.swift */,
				49A5C20B1AF6627900B3BBC5 /* AboutViewController.swift */,
				49A5C22B1AF8157E00B3BBC5 /* ReviewPieChartController.swift */,
			);
			name = "Window & ViewControllers";
			sourceTree = "<group>";
		};
		49F800F61ADC844A004A1BF1 /* Data Controllers */ = {
			isa = PBXGroup;
			children = (
				49F800E91ADAAD58004A1BF1 /* ApplicationArrayController.swift */,
				49A75E4D1AD9BCDF004A4742 /* ReviewArrayController.swift */,
				49997B7B1ADDB3F000B56590 /* TableImageCellTransformer.swift */,
				4974240B1AF61C35004A65A8 /* AutomaticUpdateTransformer.swift */,
			);
			name = "Data Controllers";
			sourceTree = "<group>";
		};
		7147F03F6DDA32E9CC0315BF /* Frameworks */ = {
			isa = PBXGroup;
			children = (
				49C9CE831B0140F5009D852D /* StoreKit.framework */,
				5083B9909F1AD9259C461DBD /* Pods.framework */,
			);
			name = Frameworks;
			sourceTree = "<group>";
		};
		73449AF8DC9E47948900E43D /* Pods */ = {
			isa = PBXGroup;
			children = (
				8E9E3A98AF3DC476EF9A0809 /* Pods.debug.xcconfig */,
				F9CE0DF35CA051BD774393CD /* Pods.release.xcconfig */,
			);
			name = Pods;
			sourceTree = "<group>";
		};
/* End PBXGroup section */

/* Begin PBXNativeTarget section */
		49ACB83A1AD5CAA00050C1B7 /* App Reviews */ = {
			isa = PBXNativeTarget;
			buildConfigurationList = 49ACB85A1AD5CAA00050C1B7 /* Build configuration list for PBXNativeTarget "App Reviews" */;
			buildPhases = (
				388E5D968C8D506C2180B60B /* Check Pods Manifest.lock */,
				49ACB8371AD5CAA00050C1B7 /* Sources */,
				49ACB8381AD5CAA00050C1B7 /* Frameworks */,
				49ACB8391AD5CAA00050C1B7 /* Resources */,
				9AFDC626376EE7DF95EFFC02 /* Embed Pods Frameworks */,
				4190A1B1813032D096277609 /* Copy Pods Resources */,
			);
			buildRules = (
			);
			dependencies = (
			);
			name = "App Reviews";
			productName = AppstoreReviews;
			productReference = 49ACB83B1AD5CAA00050C1B7 /* App Reviews.app */;
			productType = "com.apple.product-type.application";
		};
		49ACB84F1AD5CAA00050C1B7 /* App ReviewsTests */ = {
			isa = PBXNativeTarget;
			buildConfigurationList = 49ACB85D1AD5CAA00050C1B7 /* Build configuration list for PBXNativeTarget "App ReviewsTests" */;
			buildPhases = (
				C1381B58760968109349242B /* Check Pods Manifest.lock */,
				49ACB84C1AD5CAA00050C1B7 /* Sources */,
				49ACB84D1AD5CAA00050C1B7 /* Frameworks */,
				49ACB84E1AD5CAA00050C1B7 /* Resources */,
				C74A12F1B404CD9A47F25C18 /* Embed Pods Frameworks */,
				72B401262D76AFCCD7B98C00 /* Copy Pods Resources */,
			);
			buildRules = (
			);
			dependencies = (
				49ACB8521AD5CAA00050C1B7 /* PBXTargetDependency */,
			);
			name = "App ReviewsTests";
			productName = AppstoreReviewsTests;
			productReference = 49ACB8501AD5CAA00050C1B7 /* App ReviewsTests.xctest */;
			productType = "com.apple.product-type.bundle.unit-test";
		};
/* End PBXNativeTarget section */

/* Begin PBXProject section */
		49ACB8331AD5CAA00050C1B7 /* Project object */ = {
			isa = PBXProject;
			attributes = {
				LastUpgradeCheck = 0620;
				ORGANIZATIONNAME = Cocmoc;
				TargetAttributes = {
					49ACB83A1AD5CAA00050C1B7 = {
						CreatedOnToolsVersion = 6.2;
						DevelopmentTeam = 2PRW676NCQ;
						SystemCapabilities = {
							com.apple.InAppPurchase = {
								enabled = 1;
							};
							com.apple.Sandbox = {
								enabled = 1;
							};
							com.apple.iCloud = {
								enabled = 1;
							};
						};
					};
					49ACB84F1AD5CAA00050C1B7 = {
						CreatedOnToolsVersion = 6.2;
						TestTargetID = 49ACB83A1AD5CAA00050C1B7;
					};
				};
			};
			buildConfigurationList = 49ACB8361AD5CAA00050C1B7 /* Build configuration list for PBXProject "App Reviews" */;
			compatibilityVersion = "Xcode 3.2";
			developmentRegion = English;
			hasScannedForEncodings = 0;
			knownRegions = (
				en,
				Base,
			);
			mainGroup = 49ACB8321AD5CAA00050C1B7;
			productRefGroup = 49ACB83C1AD5CAA00050C1B7 /* Products */;
			projectDirPath = "";
			projectRoot = "";
			targets = (
				49ACB83A1AD5CAA00050C1B7 /* App Reviews */,
				49ACB84F1AD5CAA00050C1B7 /* App ReviewsTests */,
			);
		};
/* End PBXProject section */

/* Begin PBXResourcesBuildPhase section */
		49ACB8391AD5CAA00050C1B7 /* Resources */ = {
			isa = PBXResourcesBuildPhase;
			buildActionMask = 2147483647;
			files = (
				49997B7E1ADDC7A700B56590 /* application.json in Resources */,
				49A003611AD73161001E10BE /* reviews.json in Resources */,
				49ACB8481AD5CAA00050C1B7 /* Images.xcassets in Resources */,
				49ACB84B1AD5CAA00050C1B7 /* Main.storyboard in Resources */,
			);
			runOnlyForDeploymentPostprocessing = 0;
		};
		49ACB84E1AD5CAA00050C1B7 /* Resources */ = {
			isa = PBXResourcesBuildPhase;
			buildActionMask = 2147483647;
			files = (
			);
			runOnlyForDeploymentPostprocessing = 0;
		};
/* End PBXResourcesBuildPhase section */

/* Begin PBXShellScriptBuildPhase section */
		388E5D968C8D506C2180B60B /* Check Pods Manifest.lock */ = {
			isa = PBXShellScriptBuildPhase;
			buildActionMask = 2147483647;
			files = (
			);
			inputPaths = (
			);
			name = "Check Pods Manifest.lock";
			outputPaths = (
			);
			runOnlyForDeploymentPostprocessing = 0;
			shellPath = /bin/sh;
			shellScript = "diff \"${PODS_ROOT}/../Podfile.lock\" \"${PODS_ROOT}/Manifest.lock\" > /dev/null\nif [[ $? != 0 ]] ; then\n    cat << EOM\nerror: The sandbox is not in sync with the Podfile.lock. Run 'pod install' or update your CocoaPods installation.\nEOM\n    exit 1\nfi\n";
			showEnvVarsInLog = 0;
		};
		4190A1B1813032D096277609 /* Copy Pods Resources */ = {
			isa = PBXShellScriptBuildPhase;
			buildActionMask = 2147483647;
			files = (
			);
			inputPaths = (
			);
			name = "Copy Pods Resources";
			outputPaths = (
			);
			runOnlyForDeploymentPostprocessing = 0;
			shellPath = /bin/sh;
			shellScript = "\"${SRCROOT}/Pods/Target Support Files/Pods/Pods-resources.sh\"\n";
			showEnvVarsInLog = 0;
		};
		72B401262D76AFCCD7B98C00 /* Copy Pods Resources */ = {
			isa = PBXShellScriptBuildPhase;
			buildActionMask = 2147483647;
			files = (
			);
			inputPaths = (
			);
			name = "Copy Pods Resources";
			outputPaths = (
			);
			runOnlyForDeploymentPostprocessing = 0;
			shellPath = /bin/sh;
			shellScript = "\"${SRCROOT}/Pods/Target Support Files/Pods/Pods-resources.sh\"\n";
			showEnvVarsInLog = 0;
		};
		9AFDC626376EE7DF95EFFC02 /* Embed Pods Frameworks */ = {
			isa = PBXShellScriptBuildPhase;
			buildActionMask = 2147483647;
			files = (
			);
			inputPaths = (
			);
			name = "Embed Pods Frameworks";
			outputPaths = (
			);
			runOnlyForDeploymentPostprocessing = 0;
			shellPath = /bin/sh;
			shellScript = "\"${SRCROOT}/Pods/Target Support Files/Pods/Pods-frameworks.sh\"\n";
			showEnvVarsInLog = 0;
		};
		C1381B58760968109349242B /* Check Pods Manifest.lock */ = {
			isa = PBXShellScriptBuildPhase;
			buildActionMask = 2147483647;
			files = (
			);
			inputPaths = (
			);
			name = "Check Pods Manifest.lock";
			outputPaths = (
			);
			runOnlyForDeploymentPostprocessing = 0;
			shellPath = /bin/sh;
			shellScript = "diff \"${PODS_ROOT}/../Podfile.lock\" \"${PODS_ROOT}/Manifest.lock\" > /dev/null\nif [[ $? != 0 ]] ; then\n    cat << EOM\nerror: The sandbox is not in sync with the Podfile.lock. Run 'pod install' or update your CocoaPods installation.\nEOM\n    exit 1\nfi\n";
			showEnvVarsInLog = 0;
		};
		C74A12F1B404CD9A47F25C18 /* Embed Pods Frameworks */ = {
			isa = PBXShellScriptBuildPhase;
			buildActionMask = 2147483647;
			files = (
			);
			inputPaths = (
			);
			name = "Embed Pods Frameworks";
			outputPaths = (
			);
			runOnlyForDeploymentPostprocessing = 0;
			shellPath = /bin/sh;
			shellScript = "\"${SRCROOT}/Pods/Target Support Files/Pods/Pods-frameworks.sh\"\n";
			showEnvVarsInLog = 0;
		};
/* End PBXShellScriptBuildPhase section */

/* Begin PBXSourcesBuildPhase section */
		49ACB8371AD5CAA00050C1B7 /* Sources */ = {
			isa = PBXSourcesBuildPhase;
			buildActionMask = 2147483647;
			files = (
				49F800EA1ADAAD58004A1BF1 /* ApplicationArrayController.swift in Sources */,
				49C9CE711B000C65009D852D /* Application+String.swift in Sources */,
				49997B7C1ADDB3F000B56590 /* TableImageCellTransformer.swift in Sources */,
				49DAA2FE1AD80DBB002807A7 /* Application.swift in Sources */,
				49C9CE861B0161BB009D852D /* String+Emoji.swift in Sources */,
				49C9CE671AFE9A95009D852D /* InAppPurchaseReceipt.swift in Sources */,
				49A5C20A1AF65E8500B3BBC5 /* InAppPurchaseManager.swift in Sources */,
				49F800F01ADC674B004A1BF1 /* ApplicationCellView.swift in Sources */,
				49ACB8431AD5CAA00050C1B7 /* ReviewViewController.swift in Sources */,
				49AAB8D71AE9AC9C00B412A8 /* String+Size.swift in Sources */,
				493218F61AE5A580008996EC /* AutoSizedTextField.swift in Sources */,
				496522A21AE31ED1004C126C /* Array+Utils.swift in Sources */,
				49ACB86C1AD5EAF70050C1B7 /* PersistentStack.swift in Sources */,
				49F800E81ADAA0DC004A1BF1 /* ReviewCellView.swift in Sources */,
				4974240C1AF61C35004A65A8 /* AutomaticUpdateTransformer.swift in Sources */,
				49C9CE651AFE6C41009D852D /* NSColor+AppReviews.swift in Sources */,
				493FC55F1AF81D220043304C /* NSColor+CGColor.m in Sources */,
				49EF51051AE1BC5900E5901C /* Timer.swift in Sources */,
				4974240A1AF55023004A65A8 /* NotificationsHandler.swift in Sources */,
				49ACB8411AD5CAA00050C1B7 /* AppDelegate.swift in Sources */,
				49EF51081AE1CE8B00E5901C /* ApplicationUpdater.swift in Sources */,
				49ACB8461AD5CAA00050C1B7 /* AppReviews.xcdatamodeld in Sources */,
				498111E71AE07BC0000CBFBF /* ReviewWindowController.swift in Sources */,
				49C9CE691AFEB09B009D852D /* NSUserDefaults+Appreviews.swift in Sources */,
				49C9CE6B1AFEBC89009D852D /* Application+Premium.swift in Sources */,
				49A0035B1AD68840001E10BE /* ItunesService.swift in Sources */,
				49F800F81ADC84A7004A1BF1 /* ApplicationViewController.swift in Sources */,
				496522A41AE45C44004C126C /* String+AppVersion.swift in Sources */,
				4930D50A1AE7013600C90FDE /* ApplicationWindowController.swift in Sources */,
				49AAB8C31AE854EA00B412A8 /* ReviewMenuViewController.swift in Sources */,
				49A003591AD687A8001E10BE /* DatabaseHandler.swift in Sources */,
				49A5C22C1AF8157E00B3BBC5 /* ReviewPieChartController.swift in Sources */,
				49A5C20C1AF6627900B3BBC5 /* AboutViewController.swift in Sources */,
				497E10341AEBE1AC006726F0 /* ApplicationSettings.swift in Sources */,
				493FC5601AF81D220043304C /* PieChart.m in Sources */,
				49A75E4E1AD9BCDF004A4742 /* ReviewArrayController.swift in Sources */,
				49C9CE6D1AFF86D7009D852D /* ItunesUrlHandler.swift in Sources */,
				493FC55E1AF81D220043304C /* BackgroundView.m in Sources */,
				49ACB8631AD5CE700050C1B7 /* ReviewManager.swift in Sources */,
				498111E31AE002E5000CBFBF /* StatusMenuController.swift in Sources */,
				49A5C20E1AF686EC00B3BBC5 /* NSApplicationDelegate+Version.swift in Sources */,
				49F800EE1ADC6358004A1BF1 /* SearchViewController.swift in Sources */,
				493FC5611AF81D220043304C /* SliceLayer.m in Sources */,
				49ACB8681AD5E1730050C1B7 /* Review.swift in Sources */,
				49C9CE6F1B000241009D852D /* Review+String.swift in Sources */,
				49F800F31ADC7944004A1BF1 /* NSImageView+Networking.swift in Sources */,
				49AAB8C11AE8518500B412A8 /* ReviewSplitViewController.swift in Sources */,
			);
			runOnlyForDeploymentPostprocessing = 0;
		};
		49ACB84C1AD5CAA00050C1B7 /* Sources */ = {
			isa = PBXSourcesBuildPhase;
			buildActionMask = 2147483647;
			files = (
				49ACB8571AD5CAA00050C1B7 /* AppstoreReviewsTests.swift in Sources */,
				494844AE1AE4713200696E4A /* String+AppVersion.swift in Sources */,
			);
			runOnlyForDeploymentPostprocessing = 0;
		};
/* End PBXSourcesBuildPhase section */

/* Begin PBXTargetDependency section */
		49ACB8521AD5CAA00050C1B7 /* PBXTargetDependency */ = {
			isa = PBXTargetDependency;
			target = 49ACB83A1AD5CAA00050C1B7 /* App Reviews */;
			targetProxy = 49ACB8511AD5CAA00050C1B7 /* PBXContainerItemProxy */;
		};
/* End PBXTargetDependency section */

/* Begin PBXVariantGroup section */
		49ACB8491AD5CAA00050C1B7 /* Main.storyboard */ = {
			isa = PBXVariantGroup;
			children = (
				49ACB84A1AD5CAA00050C1B7 /* Base */,
			);
			name = Main.storyboard;
			sourceTree = "<group>";
		};
/* End PBXVariantGroup section */

/* Begin XCBuildConfiguration section */
		49ACB8581AD5CAA00050C1B7 /* Debug */ = {
			isa = XCBuildConfiguration;
			buildSettings = {
				ALWAYS_SEARCH_USER_PATHS = NO;
				CLANG_CXX_LANGUAGE_STANDARD = "gnu++0x";
				CLANG_CXX_LIBRARY = "libc++";
				CLANG_ENABLE_MODULES = YES;
				CLANG_ENABLE_OBJC_ARC = YES;
				CLANG_WARN_BOOL_CONVERSION = YES;
				CLANG_WARN_CONSTANT_CONVERSION = YES;
				CLANG_WARN_DIRECT_OBJC_ISA_USAGE = YES_ERROR;
				CLANG_WARN_EMPTY_BODY = YES;
				CLANG_WARN_ENUM_CONVERSION = YES;
				CLANG_WARN_INT_CONVERSION = YES;
				CLANG_WARN_OBJC_ROOT_CLASS = YES_ERROR;
				CLANG_WARN_UNREACHABLE_CODE = YES;
				CLANG_WARN__DUPLICATE_METHOD_MATCH = YES;
				"CODE_SIGN_ENTITLEMENTS[sdk=*]" = AppstoreReviews/AppstoreReviews.entitlements;
				CODE_SIGN_IDENTITY = "Mac Developer: Knut Inge Grosland (BV7ZH22G55)";
				COPY_PHASE_STRIP = NO;
				ENABLE_STRICT_OBJC_MSGSEND = YES;
				GCC_C_LANGUAGE_STANDARD = gnu99;
				GCC_DYNAMIC_NO_PIC = NO;
				GCC_OPTIMIZATION_LEVEL = 0;
				GCC_PREPROCESSOR_DEFINITIONS = (
					"DEBUG=1",
					"$(inherited)",
				);
				GCC_SYMBOLS_PRIVATE_EXTERN = NO;
				GCC_WARN_64_TO_32_BIT_CONVERSION = YES;
				GCC_WARN_ABOUT_RETURN_TYPE = YES_ERROR;
				GCC_WARN_UNDECLARED_SELECTOR = YES;
				GCC_WARN_UNINITIALIZED_AUTOS = YES_AGGRESSIVE;
				GCC_WARN_UNUSED_FUNCTION = YES;
				GCC_WARN_UNUSED_VARIABLE = YES;
				MACOSX_DEPLOYMENT_TARGET = 10.10;
				MTL_ENABLE_DEBUG_INFO = YES;
				ONLY_ACTIVE_ARCH = YES;
				PROVISIONING_PROFILE = "3e6a8535-7db0-444f-948f-7943b45678de";
				SDKROOT = macosx;
				SWIFT_OPTIMIZATION_LEVEL = "-Onone";
			};
			name = Debug;
		};
		49ACB8591AD5CAA00050C1B7 /* Release */ = {
			isa = XCBuildConfiguration;
			buildSettings = {
				ALWAYS_SEARCH_USER_PATHS = NO;
				CLANG_CXX_LANGUAGE_STANDARD = "gnu++0x";
				CLANG_CXX_LIBRARY = "libc++";
				CLANG_ENABLE_MODULES = YES;
				CLANG_ENABLE_OBJC_ARC = YES;
				CLANG_WARN_BOOL_CONVERSION = YES;
				CLANG_WARN_CONSTANT_CONVERSION = YES;
				CLANG_WARN_DIRECT_OBJC_ISA_USAGE = YES_ERROR;
				CLANG_WARN_EMPTY_BODY = YES;
				CLANG_WARN_ENUM_CONVERSION = YES;
				CLANG_WARN_INT_CONVERSION = YES;
				CLANG_WARN_OBJC_ROOT_CLASS = YES_ERROR;
				CLANG_WARN_UNREACHABLE_CODE = YES;
				CLANG_WARN__DUPLICATE_METHOD_MATCH = YES;
				CODE_SIGN_IDENTITY = "3rd Party Mac Developer Application: Knut Inge Grosland (2PRW676NCQ)";
				COPY_PHASE_STRIP = NO;
				DEBUG_INFORMATION_FORMAT = "dwarf-with-dsym";
				ENABLE_NS_ASSERTIONS = NO;
				ENABLE_STRICT_OBJC_MSGSEND = YES;
				GCC_C_LANGUAGE_STANDARD = gnu99;
				GCC_WARN_64_TO_32_BIT_CONVERSION = YES;
				GCC_WARN_ABOUT_RETURN_TYPE = YES_ERROR;
				GCC_WARN_UNDECLARED_SELECTOR = YES;
				GCC_WARN_UNINITIALIZED_AUTOS = YES_AGGRESSIVE;
				GCC_WARN_UNUSED_FUNCTION = YES;
				GCC_WARN_UNUSED_VARIABLE = YES;
				MACOSX_DEPLOYMENT_TARGET = 10.10;
				MTL_ENABLE_DEBUG_INFO = NO;
				PROVISIONING_PROFILE = "e7ec0131-348c-4fbc-be4b-10ebf0eb0230";
				SDKROOT = macosx;
			};
			name = Release;
		};
		49ACB85B1AD5CAA00050C1B7 /* Debug */ = {
			isa = XCBuildConfiguration;
			baseConfigurationReference = 8E9E3A98AF3DC476EF9A0809 /* Pods.debug.xcconfig */;
			buildSettings = {
				ASSETCATALOG_COMPILER_APPICON_NAME = AppIcon;
				CODE_SIGN_ENTITLEMENTS = AppstoreReviews/AppstoreReviews.entitlements;
				CODE_SIGN_IDENTITY = "Mac Developer: Knut Inge Grosland (BV7ZH22G55)";
				"CODE_SIGN_IDENTITY[sdk=macosx*]" = "Mac Developer: Knut Inge Grosland (BV7ZH22G55)";
				COMBINE_HIDPI_IMAGES = YES;
				INFOPLIST_FILE = AppstoreReviews/Info.plist;
				LD_RUNPATH_SEARCH_PATHS = "$(inherited) @executable_path/../Frameworks";
				ONLY_ACTIVE_ARCH = YES;
				OTHER_SWIFT_FLAGS = "$(inherited) \"-D\" \"COCOAPODS\" \"-D\" \"DEBUG\"";
				PRODUCT_NAME = "App Reviews";
				PROVISIONING_PROFILE = "3e6a8535-7db0-444f-948f-7943b45678de";
				SWIFT_OBJC_BRIDGING_HEADER = "AppstoreReviews/Objective-C-BridgingHeader.h";
			};
			name = Debug;
		};
		49ACB85C1AD5CAA00050C1B7 /* Release */ = {
			isa = XCBuildConfiguration;
			baseConfigurationReference = F9CE0DF35CA051BD774393CD /* Pods.release.xcconfig */;
			buildSettings = {
				ASSETCATALOG_COMPILER_APPICON_NAME = AppIcon;
				CODE_SIGN_ENTITLEMENTS = AppstoreReviews/AppstoreReviews.entitlements;
				CODE_SIGN_IDENTITY = "3rd Party Mac Developer Application: Knut Inge Grosland (2PRW676NCQ)";
				"CODE_SIGN_IDENTITY[sdk=macosx*]" = "3rd Party Mac Developer Application: Knut Inge Grosland (2PRW676NCQ)";
				COMBINE_HIDPI_IMAGES = YES;
				INFOPLIST_FILE = AppstoreReviews/Info.plist;
				LD_RUNPATH_SEARCH_PATHS = "$(inherited) @executable_path/../Frameworks";
				PRODUCT_NAME = "App Reviews";
				PROVISIONING_PROFILE = "e7ec0131-348c-4fbc-be4b-10ebf0eb0230";
				SWIFT_OBJC_BRIDGING_HEADER = "AppstoreReviews/Objective-C-BridgingHeader.h";
			};
			name = Release;
		};
		49ACB85E1AD5CAA00050C1B7 /* Debug */ = {
			isa = XCBuildConfiguration;
			baseConfigurationReference = 8E9E3A98AF3DC476EF9A0809 /* Pods.debug.xcconfig */;
			buildSettings = {
				BUNDLE_LOADER = "$(TEST_HOST)";
				COMBINE_HIDPI_IMAGES = YES;
				FRAMEWORK_SEARCH_PATHS = (
					"$(DEVELOPER_FRAMEWORKS_DIR)",
					"$(inherited)",
				);
				GCC_PREPROCESSOR_DEFINITIONS = (
					"DEBUG=1",
					"$(inherited)",
				);
				INFOPLIST_FILE = AppstoreReviewsTests/Info.plist;
				LD_RUNPATH_SEARCH_PATHS = "$(inherited) @executable_path/../Frameworks @loader_path/../Frameworks";
				PRODUCT_NAME = "App ReviewsTests";
				TEST_HOST = "$(BUILT_PRODUCTS_DIR)/App Reviews.app/Contents/MacOS/App Reviews";
			};
			name = Debug;
		};
		49ACB85F1AD5CAA00050C1B7 /* Release */ = {
			isa = XCBuildConfiguration;
			baseConfigurationReference = F9CE0DF35CA051BD774393CD /* Pods.release.xcconfig */;
			buildSettings = {
				BUNDLE_LOADER = "$(TEST_HOST)";
				COMBINE_HIDPI_IMAGES = YES;
				FRAMEWORK_SEARCH_PATHS = (
					"$(DEVELOPER_FRAMEWORKS_DIR)",
					"$(inherited)",
				);
				INFOPLIST_FILE = AppstoreReviewsTests/Info.plist;
				LD_RUNPATH_SEARCH_PATHS = "$(inherited) @executable_path/../Frameworks @loader_path/../Frameworks";
				PRODUCT_NAME = "App ReviewsTests";
				TEST_HOST = "$(BUILT_PRODUCTS_DIR)/App Reviews.app/Contents/MacOS/App Reviews";
			};
			name = Release;
		};
/* End XCBuildConfiguration section */

/* Begin XCConfigurationList section */
		49ACB8361AD5CAA00050C1B7 /* Build configuration list for PBXProject "App Reviews" */ = {
			isa = XCConfigurationList;
			buildConfigurations = (
				49ACB8581AD5CAA00050C1B7 /* Debug */,
				49ACB8591AD5CAA00050C1B7 /* Release */,
			);
			defaultConfigurationIsVisible = 0;
			defaultConfigurationName = Release;
		};
		49ACB85A1AD5CAA00050C1B7 /* Build configuration list for PBXNativeTarget "App Reviews" */ = {
			isa = XCConfigurationList;
			buildConfigurations = (
				49ACB85B1AD5CAA00050C1B7 /* Debug */,
				49ACB85C1AD5CAA00050C1B7 /* Release */,
			);
			defaultConfigurationIsVisible = 0;
			defaultConfigurationName = Release;
		};
		49ACB85D1AD5CAA00050C1B7 /* Build configuration list for PBXNativeTarget "App ReviewsTests" */ = {
			isa = XCConfigurationList;
			buildConfigurations = (
				49ACB85E1AD5CAA00050C1B7 /* Debug */,
				49ACB85F1AD5CAA00050C1B7 /* Release */,
			);
			defaultConfigurationIsVisible = 0;
			defaultConfigurationName = Release;
		};
/* End XCConfigurationList section */

/* Begin XCVersionGroup section */
		49ACB8441AD5CAA00050C1B7 /* AppReviews.xcdatamodeld */ = {
			isa = XCVersionGroup;
			children = (
				49ACB8451AD5CAA00050C1B7 /* AppReviews.xcdatamodel */,
			);
			currentVersion = 49ACB8451AD5CAA00050C1B7 /* AppReviews.xcdatamodel */;
			path = AppReviews.xcdatamodeld;
			sourceTree = "<group>";
			versionGroupType = wrapper.xcdatamodel;
		};
/* End XCVersionGroup section */
	};
	rootObject = 49ACB8331AD5CAA00050C1B7 /* Project object */;
}
